{
  "version": 4,
  "terraform_version": "1.14.5",
  "serial": 378,
  "lineage": "db0ed7dc-d490-750b-6027-02496857f62d",
  "outputs": {
    "api_gateway_url": {
      "value": "https://r1dhvsfyxl.execute-api.us-east-1.amazonaws.com",
      "type": "string"
    },
    "ec2_public_ip": {
      "value": "54.243.168.109",
      "type": "string"
    },
    "ecr_repo_url": {
      "value": "589118303122.dkr.ecr.us-east-1.amazonaws.com/rust-hello-world",
      "type": "string"
    },
    "rds_endpoint": {
      "value": "afridi-shared-message-db.c7l4zwa1oxil.us-east-1.rds.amazonaws.com:5432",
      "type": "string"
    },
    "s3_bucket_name": {
      "value": "afridi-poc-bucket",
      "type": "string"
    }
  },
  "resources": [
    {
      "mode": "data",
      "type": "archive_file",
      "name": "lambda_zip",
      "provider": "provider[\"registry.terraform.io/hashicorp/archive\"]",
      "instances": [
        {
          "schema_version": 0,
          "attributes": {
            "exclude_symlink_directories": null,
            "excludes": null,
            "id": "7a76979392f32c824a9c37054411a59f4d1d982d",
            "output_base64sha256": "RFTTYZ1Ds0qqHFtM2xptRHMg4SkO/RmI+pIzFgcOnqI=",
            "output_base64sha512": "a9yNwZ0SUObxtsToJjJfGrwUQMa9wf0xBgfW5X0xW/rbYtqofJKDXvcvDcyAZlnPW6nfW6WZxTCII23gFt25fg==",
            "output_file_mode": null,
            "output_md5": "5068689099a823f0581611331e4ce16d",
            "output_path": "./lambda_function.zip",
            "output_sha": "7a76979392f32c824a9c37054411a59f4d1d982d",
            "output_sha256": "4454d3619d43b34aaa1c5b4cdb1a6d447320e1290efd1988fa923316070e9ea2",
            "output_sha512": "6bdc8dc19d1250e6f1b6c4e826325f1abc1440c6bdc1fd310607d6e57d315bfadb62daa87c92835ef72f0dcc806659cf5ba9df5ba599c53088236de016ddb97e",
            "output_size": 780,
            "source": [],
            "source_content": null,
            "source_content_filename": null,
            "source_dir": "./lambda-helper",
            "source_file": null,
            "type": "zip"
          },
          "sensitive_attributes": [],
          "identity_schema_version": 0
        }
      ]
    },
    {
      "mode": "data",
      "type": "aws_iam_role",
      "name": "ecs_execution_role",
      "provider": "provider[\"registry.terraform.io/hashicorp/aws\"]",
      "instances": [
        {
          "schema_version": 0,
          "attributes": {
            "arn": "arn:aws:iam::589118303122:role/ecsTaskExecutionRole",
            "assume_role_policy": "{\"Version\":\"2008-10-17\",\"Statement\":[{\"Sid\":\"\",\"Effect\":\"Allow\",\"Principal\":{\"Service\":\"ecs-tasks.amazonaws.com\"},\"Action\":\"sts:AssumeRole\"}]}",
            "create_date": "2025-07-25T10:18:15Z",
            "description": "",
            "id": "ecsTaskExecutionRole",
            "max_session_duration": 3600,
            "name": "ecsTaskExecutionRole",
            "path": "/",
            "permissions_boundary": "",
            "role_last_used": [
              {
                "last_used_date": "2026-06-14T11:32:28Z",
                "region": "us-east-1"
              }
            ],
            "tags": {},
            "unique_id": "AROAYSKRP5OJBBC45W3EY"
          },
          "sensitive_attributes": [],
          "identity_schema_version": 0
        }
      ]
    },
    {
      "mode": "data",
      "type": "aws_subnets",
      "name": "public",
      "provider": "provider[\"registry.terraform.io/hashicorp/aws\"]",
      "instances": [
        {
          "schema_version": 0,
          "attributes": {
            "filter": [
              {
                "name": "map-public-ip-on-launch",
                "values": [
                  "true"
                ]
              },
              {
                "name": "vpc-id",
                "values": [
                  "vpc-0f581c357638067ff"
                ]
              }
            ],
            "id": "us-east-1",
            "ids": [
              "subnet-053f7c2400712c856",
              "subnet-0e882c7ef132dbb91",
              "subnet-0d5be6e1a2e13c551"
            ],
            "tags": null,
            "timeouts": null
          },
          "sensitive_attributes": [],
          "identity_schema_version": 0
        }
      ]
    },
    {
      "mode": "data",
      "type": "aws_vpc",
      "name": "default",
      "provider": "provider[\"registry.terraform.io/hashicorp/aws\"]",
      "instances": [
        {
          "schema_version": 0,
          "attributes": {
            "arn": "arn:aws:ec2:us-east-1:589118303122:vpc/vpc-0f581c357638067ff",
            "cidr_block": "172.31.0.0/16",
            "cidr_block_associations": [
              {
                "association_id": "vpc-cidr-assoc-024bcc27103318901",
                "cidr_block": "172.31.0.0/16",
                "state": "associated"
              }
            ],
            "default": true,
            "dhcp_options_id": "dopt-0ea7994036e1d82ce",
            "enable_dns_hostnames": true,
            "enable_dns_support": true,
            "enable_network_address_usage_metrics": false,
            "filter": null,
            "id": "vpc-0f581c357638067ff",
            "instance_tenancy": "default",
            "ipv6_association_id": "",
            "ipv6_cidr_block": "",
            "main_route_table_id": "rtb-0a31f432a57c5477a",
            "owner_id": "589118303122",
            "state": null,
            "tags": {
              "Client": "Internal",
              "Environment": "dev",
              "Name": "interns-dev-vpc",
              "map-migrated": "migOWSZG7F4UM"
            },
            "timeouts": null
          },
          "sensitive_attributes": [],
          "identity_schema_version": 0
        }
      ]
    },
    {
      "mode": "managed",
      "type": "aws_apigatewayv2_api",
      "name": "http_api",
      "provider": "provider[\"registry.terraform.io/hashicorp/aws\"]",
      "instances": [
        {
          "schema_version": 0,
          "attributes": {
            "api_endpoint": "https://r1dhvsfyxl.execute-api.us-east-1.amazonaws.com",
            "api_key_selection_expression": "$request.header.x-api-key",
            "arn": "arn:aws:apigateway:us-east-1::/apis/r1dhvsfyxl",
            "body": null,
            "cors_configuration": [],
            "credentials_arn": null,
            "description": "",
            "disable_execute_api_endpoint": false,
            "execution_arn": "arn:aws:execute-api:us-east-1:589118303122:r1dhvsfyxl",
            "fail_on_warnings": null,
            "id": "r1dhvsfyxl",
            "ip_address_type": "ipv4",
            "name": "message-router-gateway",
            "protocol_type": "HTTP",
            "route_key": null,
            "route_selection_expression": "$request.method $request.path",
            "tags": {},
            "tags_all": {},
            "target": null,
            "version": ""
          },
          "sensitive_attributes": [],
          "identity_schema_version": 0,
          "private": "bnVsbA=="
        }
      ]
    },
    {
      "mode": "managed",
      "type": "aws_apigatewayv2_integration",
      "name": "lambda_int",
      "provider": "provider[\"registry.terraform.io/hashicorp/aws\"]",
      "instances": [
        {
          "schema_version": 0,
          "attributes": {
            "api_id": "r1dhvsfyxl",
            "connection_id": "",
            "connection_type": "INTERNET",
            "content_handling_strategy": "",
            "credentials_arn": "",
            "description": "",
            "id": "7ieback",
            "integration_method": "POST",
            "integration_response_selection_expression": "",
            "integration_subtype": "",
            "integration_type": "AWS_PROXY",
            "integration_uri": "arn:aws:lambda:us-east-1:589118303122:function:message-middleware-router",
            "passthrough_behavior": "",
            "payload_format_version": "1.0",
            "request_parameters": {},
            "request_templates": {},
            "response_parameters": [],
            "template_selection_expression": "",
            "timeout_milliseconds": 30000,
            "tls_config": []
          },
          "sensitive_attributes": [],
          "identity_schema_version": 0,
          "private": "bnVsbA==",
          "dependencies": [
            "aws_apigatewayv2_api.http_api",
            "aws_cloudwatch_log_group.ecs_log_group",
            "aws_db_instance.postgres",
            "aws_db_subnet_group.rds_subnet_group",
            "aws_ecr_repository.message_generator",
            "aws_ecs_cluster.app_cluster",
            "aws_ecs_service.rust_ecs_service",
            "aws_ecs_task_definition.rust_ecs_task",
            "aws_iam_instance_profile.ec2_profile",
            "aws_iam_role.ec2_telemetry_role",
            "aws_instance.afridi_basic",
            "aws_key_pair.ec2_key",
            "aws_lambda_function.router",
            "aws_security_group.allow_ssh",
            "aws_security_group.rds_sg",
            "data.archive_file.lambda_zip",
            "data.aws_iam_role.ecs_execution_role",
            "data.aws_subnets.public",
            "data.aws_vpc.default",
            "tls_private_key.ec2_key"
          ]
        }
      ]
    },
    {
      "mode": "managed",
      "type": "aws_apigatewayv2_route",
      "name": "catch_all",
      "provider": "provider[\"registry.terraform.io/hashicorp/aws\"]",
      "instances": [
        {
          "schema_version": 0,
          "attributes": {
            "api_id": "r1dhvsfyxl",
            "api_key_required": false,
            "authorization_scopes": [],
            "authorization_type": "NONE",
            "authorizer_id": "",
            "id": "vq7gb30",
            "model_selection_expression": "",
            "operation_name": "",
            "request_models": {},
            "request_parameter": [],
            "route_key": "ANY /{proxy+}",
            "route_response_selection_expression": "",
            "target": "integrations/7ieback"
          },
          "sensitive_attributes": [],
          "identity_schema_version": 0,
          "private": "bnVsbA==",
          "dependencies": [
            "aws_apigatewayv2_api.http_api",
            "aws_apigatewayv2_integration.lambda_int",
            "aws_cloudwatch_log_group.ecs_log_group",
            "aws_db_instance.postgres",
            "aws_db_subnet_group.rds_subnet_group",
            "aws_ecr_repository.message_generator",
            "aws_ecs_cluster.app_cluster",
            "aws_ecs_service.rust_ecs_service",
            "aws_ecs_task_definition.rust_ecs_task",
            "aws_iam_instance_profile.ec2_profile",
            "aws_iam_role.ec2_telemetry_role",
            "aws_instance.afridi_basic",
            "aws_key_pair.ec2_key",
            "aws_lambda_function.router",
            "aws_security_group.allow_ssh",
            "aws_security_group.rds_sg",
            "data.archive_file.lambda_zip",
            "data.aws_iam_role.ecs_execution_role",
            "data.aws_subnets.public",
            "data.aws_vpc.default",
            "tls_private_key.ec2_key"
          ]
        }
      ]
    },
    {
      "mode": "managed",
      "type": "aws_apigatewayv2_stage",
      "name": "default",
      "provider": "provider[\"registry.terraform.io/hashicorp/aws\"]",
      "instances": [
        {
          "schema_version": 0,
          "attributes": {
            "access_log_settings": [],
            "api_id": "r1dhvsfyxl",
            "arn": "arn:aws:apigateway:us-east-1::/apis/r1dhvsfyxl/stages/$default",
            "auto_deploy": true,
            "client_certificate_id": "",
            "default_route_settings": [
              {
                "data_trace_enabled": false,
                "detailed_metrics_enabled": false,
                "logging_level": "",
                "throttling_burst_limit": 0,
                "throttling_rate_limit": 0
              }
            ],
            "deployment_id": "364665",
            "description": "",
            "execution_arn": "arn:aws:execute-api:us-east-1:589118303122:r1dhvsfyxl/$default",
            "id": "$default",
            "invoke_url": "https://r1dhvsfyxl.execute-api.us-east-1.amazonaws.com/",
            "name": "$default",
            "route_settings": [],
            "stage_variables": {},
            "tags": {},
            "tags_all": {}
          },
          "sensitive_attributes": [],
          "identity_schema_version": 0,
          "private": "bnVsbA==",
          "dependencies": [
            "aws_apigatewayv2_api.http_api"
          ]
        }
      ]
    },
    {
      "mode": "managed",
      "type": "aws_cloudwatch_log_group",
      "name": "ecs_log_group",
      "provider": "provider[\"registry.terraform.io/hashicorp/aws\"]",
      "instances": [
        {
          "schema_version": 0,
          "attributes": {
            "arn": "arn:aws:logs:us-east-1:589118303122:log-group:/ecs/rust-app-task",
            "id": "/ecs/rust-app-task",
            "kms_key_id": "",
            "log_group_class": "STANDARD",
            "name": "/ecs/rust-app-task",
            "name_prefix": "",
            "retention_in_days": 7,
            "skip_destroy": false,
            "tags": {},
            "tags_all": {}
          },
          "sensitive_attributes": [],
          "identity_schema_version": 0,
          "private": "bnVsbA=="
        }
      ]
    },
    {
      "mode": "managed",
      "type": "aws_db_instance",
      "name": "postgres",
      "provider": "provider[\"registry.terraform.io/hashicorp/aws\"]",
      "instances": [
        {
          "schema_version": 2,
          "attributes": {
            "address": "afridi-shared-message-db.c7l4zwa1oxil.us-east-1.rds.amazonaws.com",
            "allocated_storage": 20,
            "allow_major_version_upgrade": null,
            "apply_immediately": false,
            "arn": "arn:aws:rds:us-east-1:589118303122:db:afridi-shared-message-db",
            "auto_minor_version_upgrade": true,
            "availability_zone": "us-east-1d",
            "backup_retention_period": 0,
            "backup_target": "region",
            "backup_window": "07:56-08:26",
            "blue_green_update": [],
            "ca_cert_identifier": "rds-ca-rsa2048-g1",
            "character_set_name": "",
            "copy_tags_to_snapshot": false,
            "custom_iam_instance_profile": "",
            "customer_owned_ip_enabled": false,
            "database_insights_mode": "standard",
            "db_name": "messaging_db",
            "db_subnet_group_name": "afridi-rds-subnet-group",
            "dedicated_log_volume": false,
            "delete_automated_backups": true,
            "deletion_protection": false,
            "domain": "",
            "domain_auth_secret_arn": "",
            "domain_dns_ips": [],
            "domain_fqdn": "",
            "domain_iam_role_name": "",
            "domain_ou": "",
            "enabled_cloudwatch_logs_exports": [],
            "endpoint": "afridi-shared-message-db.c7l4zwa1oxil.us-east-1.rds.amazonaws.com:5432",
            "engine": "postgres",
            "engine_lifecycle_support": "open-source-rds-extended-support",
            "engine_version": "15",
            "engine_version_actual": "15.17",
            "final_snapshot_identifier": null,
            "hosted_zone_id": "Z2R2ITUGPM61AM",
            "iam_database_authentication_enabled": false,
            "id": "db-XY6CCENB65BW3KOETMLEW5VR3U",
            "identifier": "afridi-shared-message-db",
            "identifier_prefix": "",
            "instance_class": "db.t3.micro",
            "iops": 0,
            "kms_key_id": "",
            "latest_restorable_time": "",
            "license_model": "postgresql-license",
            "listener_endpoint": [],
            "maintenance_window": "mon:07:13-mon:07:43",
            "manage_master_user_password": null,
            "master_user_secret": [],
            "master_user_secret_kms_key_id": null,
            "max_allocated_storage": 0,
            "monitoring_interval": 0,
            "monitoring_role_arn": "",
            "multi_az": false,
            "nchar_character_set_name": "",
            "network_type": "IPV4",
            "option_group_name": "default:postgres-15",
            "parameter_group_name": "default.postgres15",
            "password": "SuperSecurePassword123",
            "password_wo": null,
            "password_wo_version": null,
            "performance_insights_enabled": false,
            "performance_insights_kms_key_id": "arn:aws:kms:us-east-1:589118303122:key/6d200a3f-6db1-41fb-9307-dfa65a9cae3c",
            "performance_insights_retention_period": 0,
            "port": 5432,
            "publicly_accessible": true,
            "replica_mode": "",
            "replicas": [],
            "replicate_source_db": "",
            "resource_id": "db-XY6CCENB65BW3KOETMLEW5VR3U",
            "restore_to_point_in_time": [],
            "s3_import": [],
            "skip_final_snapshot": true,
            "snapshot_identifier": null,
            "status": "available",
            "storage_encrypted": false,
            "storage_throughput": 0,
            "storage_type": "gp2",
            "tags": {},
            "tags_all": {},
            "timeouts": null,
            "timezone": "",
            "upgrade_storage_config": null,
            "username": "postgres_user",
            "vpc_security_group_ids": [
              "sg-039e3e93433ff0a18"
            ]
          },
          "sensitive_attributes": [
            [
              {
                "type": "get_attr",
                "value": "password"
              }
            ],
            [
              {
                "type": "get_attr",
                "value": "password_wo"
              }
            ]
          ],
          "identity_schema_version": 0,
          "private": "eyJlMmJmYjczMC1lY2FhLTExZTYtOGY4OC0zNDM2M2JjN2M0YzAiOnsiY3JlYXRlIjozMDAwMDAwMDAwMDAwLCJkZWxldGUiOjM2MDAwMDAwMDAwMDAsInVwZGF0ZSI6NDgwMDAwMDAwMDAwMH0sInNjaGVtYV92ZXJzaW9uIjoiMiJ9",
          "dependencies": [
            "aws_db_subnet_group.rds_subnet_group",
            "aws_security_group.allow_ssh",
            "aws_security_group.rds_sg",
            "data.aws_subnets.public",
            "data.aws_vpc.default"
          ]
        }
      ]
    },
    {
      "mode": "managed",
      "type": "aws_db_subnet_group",
      "name": "rds_subnet_group",
      "provider": "provider[\"registry.terraform.io/hashicorp/aws\"]",
      "instances": [
        {
          "schema_version": 0,
          "attributes": {
            "arn": "arn:aws:rds:us-east-1:589118303122:subgrp:afridi-rds-subnet-group",
            "description": "Managed by Terraform",
            "id": "afridi-rds-subnet-group",
            "name": "afridi-rds-subnet-group",
            "name_prefix": "",
            "subnet_ids": [
              "subnet-053f7c2400712c856",
              "subnet-0d5be6e1a2e13c551",
              "subnet-0e882c7ef132dbb91"
            ],
            "supported_network_types": [
              "IPV4"
            ],
            "tags": {
              "Name": "Shared RDS Subnet Group"
            },
            "tags_all": {
              "Name": "Shared RDS Subnet Group"
            },
            "vpc_id": "vpc-0f581c357638067ff"
          },
          "sensitive_attributes": [],
          "identity_schema_version": 0,
          "private": "bnVsbA==",
          "dependencies": [
            "data.aws_subnets.public",
            "data.aws_vpc.default"
          ]
        }
      ]
    },
    {
      "mode": "managed",
      "type": "aws_ec2_instance_state",
      "name": "afridi_basic_state",
      "provider": "provider[\"registry.terraform.io/hashicorp/aws\"]",
      "instances": [
        {
          "schema_version": 0,
          "attributes": {
            "force": false,
            "id": "i-04f5f53d394f241aa",
            "instance_id": "i-04f5f53d394f241aa",
            "state": "stopped",
            "timeouts": null
          },
          "sensitive_attributes": [],
          "identity_schema_version": 0,
          "private": "eyJlMmJmYjczMC1lY2FhLTExZTYtOGY4OC0zNDM2M2JjN2M0YzAiOnsiY3JlYXRlIjo2MDAwMDAwMDAwMDAsImRlbGV0ZSI6NjAwMDAwMDAwMDAsInVwZGF0ZSI6NjAwMDAwMDAwMDAwfX0=",
          "dependencies": [
            "aws_iam_instance_profile.ec2_profile",
            "aws_iam_role.ec2_telemetry_role",
            "aws_instance.afridi_basic",
            "aws_key_pair.ec2_key",
            "aws_security_group.allow_ssh",
            "data.aws_subnets.public",
            "data.aws_vpc.default",
            "tls_private_key.ec2_key"
          ]
        }
      ]
    },
    {
      "mode": "managed",
      "type": "aws_ecr_repository",
      "name": "message_generator",
      "provider": "provider[\"registry.terraform.io/hashicorp/aws\"]",
      "instances": [
        {
          "schema_version": 0,
          "attributes": {
            "arn": "arn:aws:ecr:us-east-1:589118303122:repository/afridi-message-generator",
            "encryption_configuration": [
              {
                "encryption_type": "AES256",
                "kms_key": ""
              }
            ],
            "force_delete": true,
            "id": "afridi-message-generator",
            "image_scanning_configuration": [
              {
                "scan_on_push": false
              }
            ],
            "image_tag_mutability": "MUTABLE",
            "name": "afridi-message-generator",
            "registry_id": "589118303122",
            "repository_url": "589118303122.dkr.ecr.us-east-1.amazonaws.com/afridi-message-generator",
            "tags": {},
            "tags_all": {},
            "timeouts": null
          },
          "sensitive_attributes": [],
          "identity_schema_version": 0,
          "private": "eyJlMmJmYjczMC1lY2FhLTExZTYtOGY4OC0zNDM2M2JjN2M0YzAiOnsiZGVsZXRlIjoxMjAwMDAwMDAwMDAwfX0="
        }
      ]
    },
    {
      "mode": "managed",
      "type": "aws_ecr_repository",
      "name": "rust_app",
      "provider": "provider[\"registry.terraform.io/hashicorp/aws\"]",
      "instances": [
        {
          "schema_version": 0,
          "attributes": {
            "arn": "arn:aws:ecr:us-east-1:589118303122:repository/rust-hello-world",
            "encryption_configuration": [
              {
                "encryption_type": "AES256",
                "kms_key": ""
              }
            ],
            "force_delete": true,
            "id": "rust-hello-world",
            "image_scanning_configuration": [
              {
                "scan_on_push": false
              }
            ],
            "image_tag_mutability": "MUTABLE",
            "name": "rust-hello-world",
            "registry_id": "589118303122",
            "repository_url": "589118303122.dkr.ecr.us-east-1.amazonaws.com/rust-hello-world",
            "tags": {},
            "tags_all": {},
            "timeouts": null
          },
          "sensitive_attributes": [],
          "identity_schema_version": 0,
          "private": "eyJlMmJmYjczMC1lY2FhLTExZTYtOGY4OC0zNDM2M2JjN2M0YzAiOnsiZGVsZXRlIjoxMjAwMDAwMDAwMDAwfX0="
        }
      ]
    },
    {
      "mode": "managed",
      "type": "aws_ecs_cluster",
      "name": "app_cluster",
      "provider": "provider[\"registry.terraform.io/hashicorp/aws\"]",
      "instances": [
        {
          "schema_version": 0,
          "attributes": {
            "arn": "arn:aws:ecs:us-east-1:589118303122:cluster/afridi-hybrid-cluster",
            "configuration": [],
            "id": "arn:aws:ecs:us-east-1:589118303122:cluster/afridi-hybrid-cluster",
            "name": "afridi-hybrid-cluster",
            "service_connect_defaults": [],
            "setting": [
              {
                "name": "containerInsights",
                "value": "disabled"
              }
            ],
            "tags": {},
            "tags_all": {}
          },
          "sensitive_attributes": [],
          "identity_schema_version": 0,
          "private": "bnVsbA=="
        }
      ]
    },
    {
      "mode": "managed",
      "type": "aws_ecs_service",
      "name": "rust_ecs_service",
      "provider": "provider[\"registry.terraform.io/hashicorp/aws\"]",
      "instances": [
        {
          "schema_version": 1,
          "attributes": {
            "alarms": [],
            "availability_zone_rebalancing": "DISABLED",
            "capacity_provider_strategy": [],
            "cluster": "arn:aws:ecs:us-east-1:589118303122:cluster/afridi-hybrid-cluster",
            "deployment_circuit_breaker": [
              {
                "enable": false,
                "rollback": false
              }
            ],
            "deployment_controller": [
              {
                "type": "ECS"
              }
            ],
            "deployment_maximum_percent": 200,
            "deployment_minimum_healthy_percent": 100,
            "desired_count": 0,
            "enable_ecs_managed_tags": false,
            "enable_execute_command": false,
            "force_delete": null,
            "force_new_deployment": null,
            "health_check_grace_period_seconds": 0,
            "iam_role": "/aws-service-role/ecs.amazonaws.com/AWSServiceRoleForECS",
            "id": "arn:aws:ecs:us-east-1:589118303122:service/afridi-hybrid-cluster/afridi-rust-service",
            "launch_type": "FARGATE",
            "load_balancer": [],
            "name": "afridi-rust-service",
            "network_configuration": [
              {
                "assign_public_ip": true,
                "security_groups": [
                  "sg-0819fd207f84a90ff"
                ],
                "subnets": [
                  "subnet-053f7c2400712c856",
                  "subnet-0d5be6e1a2e13c551",
                  "subnet-0e882c7ef132dbb91"
                ]
              }
            ],
            "ordered_placement_strategy": [],
            "placement_constraints": [],
            "platform_version": "LATEST",
            "propagate_tags": "NONE",
            "scheduling_strategy": "REPLICA",
            "service_connect_configuration": [],
            "service_registries": [],
            "tags": {},
            "tags_all": {},
            "task_definition": "arn:aws:ecs:us-east-1:589118303122:task-definition/rust-app-task:13",
            "timeouts": null,
            "triggers": {},
            "volume_configuration": [],
            "vpc_lattice_configurations": [],
            "wait_for_steady_state": false
          },
          "sensitive_attributes": [],
          "identity_schema_version": 0,
          "private": "eyJlMmJmYjczMC1lY2FhLTExZTYtOGY4OC0zNDM2M2JjN2M0YzAiOnsiY3JlYXRlIjoxMjAwMDAwMDAwMDAwLCJkZWxldGUiOjEyMDAwMDAwMDAwMDAsInVwZGF0ZSI6MTIwMDAwMDAwMDAwMH0sInNjaGVtYV92ZXJzaW9uIjoiMSJ9",
          "dependencies": [
            "aws_apigatewayv2_api.http_api",
            "aws_cloudwatch_log_group.ecs_log_group",
            "aws_db_instance.postgres",
            "aws_db_subnet_group.rds_subnet_group",
            "aws_ecr_repository.message_generator",
            "aws_ecs_cluster.app_cluster",
            "aws_ecs_task_definition.rust_ecs_task",
            "aws_security_group.allow_ssh",
            "aws_security_group.rds_sg",
            "data.aws_iam_role.ecs_execution_role",
            "data.aws_subnets.public",
            "data.aws_vpc.default"
          ]
        }
      ]
    },
    {
      "mode": "managed",
      "type": "aws_ecs_task_definition",
      "name": "rust_ecs_task",
      "provider": "provider[\"registry.terraform.io/hashicorp/aws\"]",
      "instances": [
        {
          "schema_version": 1,
          "attributes": {
            "arn": "arn:aws:ecs:us-east-1:589118303122:task-definition/rust-app-task:13",
            "arn_without_revision": "arn:aws:ecs:us-east-1:589118303122:task-definition/rust-app-task",
            "container_definitions": "[{\"environment\":[{\"name\":\"API_GATEWAY_URL\",\"value\":\"https://r1dhvsfyxl.execute-api.us-east-1.amazonaws.com/send\"},{\"name\":\"AWS_REGION\",\"value\":\"us-east-1\"},{\"name\":\"AWS_S3_BUCKET_NAME\",\"value\":\"afridi-poc-bucket\"},{\"name\":\"DATABASE_URL\",\"value\":\"postgres://postgres_user:SuperSecurePassword123@afridi-shared-message-db.c7l4zwa1oxil.us-east-1.rds.amazonaws.com/messaging_db\"},{\"name\":\"INFRA_SOURCE\",\"value\":\"ECS\"}],\"essential\":true,\"image\":\"589118303122.dkr.ecr.us-east-1.amazonaws.com/afridi-message-generator:latest\",\"logConfiguration\":{\"logDriver\":\"awslogs\",\"options\":{\"awslogs-region\":\"us-east-1\",\"awslogs-stream-prefix\":\"ecs\",\"awslogs-group\":\"/ecs/rust-app-task\"}},\"mountPoints\":[],\"name\":\"rust-app-ecs-container\",\"portMappings\":[{\"containerPort\":8080,\"hostPort\":8080,\"protocol\":\"tcp\"}],\"systemControls\":[],\"volumesFrom\":[]}]",
            "cpu": "256",
            "enable_fault_injection": false,
            "ephemeral_storage": [],
            "execution_role_arn": "arn:aws:iam::589118303122:role/ecsTaskExecutionRole",
            "family": "rust-app-task",
            "id": "rust-app-task",
            "inference_accelerator": [],
            "ipc_mode": "",
            "memory": "512",
            "network_mode": "awsvpc",
            "pid_mode": "",
            "placement_constraints": [],
            "proxy_configuration": [],
            "requires_compatibilities": [
              "FARGATE"
            ],
            "revision": 13,
            "runtime_platform": [],
            "skip_destroy": false,
            "tags": {},
            "tags_all": {},
            "task_role_arn": "arn:aws:iam::589118303122:role/ecsTaskExecutionRole",
            "track_latest": false,
            "volume": []
          },
          "sensitive_attributes": [],
          "identity_schema_version": 0,
          "private": "eyJzY2hlbWFfdmVyc2lvbiI6IjEifQ==",
          "dependencies": [
            "aws_apigatewayv2_api.http_api",
            "aws_db_instance.postgres",
            "aws_db_subnet_group.rds_subnet_group",
            "aws_ecr_repository.message_generator",
            "aws_security_group.allow_ssh",
            "aws_security_group.rds_sg",
            "data.aws_iam_role.ecs_execution_role",
            "data.aws_subnets.public",
            "data.aws_vpc.default"
          ]
        }
      ]
    },
    {
      "mode": "managed",
      "type": "aws_eip",
      "name": "worker_static_ip",
      "provider": "provider[\"registry.terraform.io/hashicorp/aws\"]",
      "instances": [
        {
          "schema_version": 0,
          "attributes": {
            "address": null,
            "allocation_id": "eipalloc-0ba9cedf67c91d7bc",
            "arn": "arn:aws:ec2:us-east-1:589118303122:elastic-ip/eipalloc-0ba9cedf67c91d7bc",
            "associate_with_private_ip": null,
            "association_id": "eipassoc-051758394d644dc19",
            "carrier_ip": "",
            "customer_owned_ip": "",
            "customer_owned_ipv4_pool": "",
            "domain": "vpc",
            "id": "eipalloc-0ba9cedf67c91d7bc",
            "instance": "i-04f5f53d394f241aa",
            "ipam_pool_id": null,
            "network_border_group": "us-east-1",
            "network_interface": "eni-000ff0aea87b06e21",
            "private_dns": "ip-172-31-95-97.ec2.internal",
            "private_ip": "172.31.95.97",
            "ptr_record": "",
            "public_dns": "ec2-54-243-168-109.compute-1.amazonaws.com",
            "public_ip": "54.243.168.109",
            "public_ipv4_pool": "amazon",
            "tags": {
              "Name": "afridi-ec2-static-ip"
            },
            "tags_all": {
              "Name": "afridi-ec2-static-ip"
            },
            "timeouts": null,
            "vpc": true
          },
          "sensitive_attributes": [],
          "identity_schema_version": 0,
          "private": "eyJlMmJmYjczMC1lY2FhLTExZTYtOGY4OC0zNDM2M2JjN2M0YzAiOnsiZGVsZXRlIjoxODAwMDAwMDAwMDAsInJlYWQiOjkwMDAwMDAwMDAwMCwidXBkYXRlIjozMDAwMDAwMDAwMDB9fQ=="
        }
      ]
    },
    {
      "mode": "managed",
      "type": "aws_eip_association",
      "name": "eip_assoc",
      "provider": "provider[\"registry.terraform.io/hashicorp/aws\"]",
      "instances": [
        {
          "schema_version": 0,
          "attributes": {
            "allocation_id": "eipalloc-0ba9cedf67c91d7bc",
            "allow_reassociation": null,
            "id": "eipassoc-051758394d644dc19",
            "instance_id": "i-04f5f53d394f241aa",
            "network_interface_id": "eni-000ff0aea87b06e21",
            "private_ip_address": "172.31.95.97",
            "public_ip": "54.243.168.109"
          },
          "sensitive_attributes": [],
          "identity_schema_version": 0,
          "private": "bnVsbA==",
          "dependencies": [
            "aws_eip.worker_static_ip",
            "aws_iam_instance_profile.ec2_profile",
            "aws_iam_role.ec2_telemetry_role",
            "aws_instance.afridi_basic",
            "aws_key_pair.ec2_key",
            "aws_security_group.allow_ssh",
            "data.aws_subnets.public",
            "data.aws_vpc.default",
            "tls_private_key.ec2_key"
          ]
        }
      ]
    },
    {
      "mode": "managed",
      "type": "aws_eks_cluster",
      "name": "eks_worker_cluster",
      "provider": "provider[\"registry.terraform.io/hashicorp/aws\"]",
      "instances": [
        {
          "schema_version": 1,
          "attributes": {
            "access_config": [
              {
                "authentication_mode": "CONFIG_MAP",
                "bootstrap_cluster_creator_admin_permissions": true
              }
            ],
            "arn": "arn:aws:eks:us-east-1:589118303122:cluster/afridi-eks-worker-cluster",
            "bootstrap_self_managed_addons": true,
            "certificate_authority": [
              {
                "data": "LS0tLS1CRUdJTiBDRVJUSUZJQ0FURS0tLS0tCk1JSURCVENDQWUyZ0F3SUJBZ0lJSW9wZ094ZG9NN0F3RFFZSktvWklodmNOQVFFTEJRQXdGVEVUTUJFR0ExVUUKQXhNS2EzVmlaWEp1WlhSbGN6QWVGdzB5TmpBMk1UTXdORFUzTXpGYUZ3MHpOakEyTVRBd05UQXlNekZhTUJVeApFekFSQmdOVkJBTVRDbXQxWW1WeWJtVjBaWE13Z2dFaU1BMEdDU3FHU0liM0RRRUJBUVVBQTRJQkR3QXdnZ0VLCkFvSUJBUUNTeWNqSmtwalEzb3FVYlduc0JqNDFobHZCbW1LRUUvWm5Ja0FlTDFCSUp5cWNFSGYxYXZoSVozckwKSk8yM1ZZdTlQZDlVTnFQbUJ5Z0ZNOW9rVWNZL1Q5YTM1K0FsNU50Y0pwZGFFVG1EbTRYamU4YlUrTUpTYmlZQwpKczZzMytxN0lJb1AySXMwejhSSUFtbmFIMWNaQytuTzdZTzZNTjA5UGwxRGpPQzJEaU93V3NkWTRYd1B0YlBrCkxFalI5aXVWMlYwMngzWDhPR2M0elZRYzJ2WnRMZUlyT1psQ1ZYM1VPek5uTHpqaXlJQjVNWFh1YXhURFo3cTQKdVBuTEx6Z2hEM3kzODIxM2o2MkJWNlgxd1lsV1dQYWluUjBTeC8wQTE0V3Iya3B0OXRMYnJTR2JUazcxMnRjVgorQ24ranNsMzFOVExmZU9VNmRBSFY1Y1h2VFdGQWdNQkFBR2pXVEJYTUE0R0ExVWREd0VCL3dRRUF3SUNwREFQCkJnTlZIUk1CQWY4RUJUQURBUUgvTUIwR0ExVWREZ1FXQkJTeisyS2xKVlo3aEpQUFcyaHppNTJmWExDSS9EQVYKQmdOVkhSRUVEakFNZ2dwcmRXSmxjbTVsZEdWek1BMEdDU3FHU0liM0RRRUJDd1VBQTRJQkFRQVQvaVVUdkthbgpXYnpXank2SUZud2duVFJrWFR0cE5CN25wMjNqSVBQYi93ZUVwY1d2bmdRWk9PcmI0dllOVnpXcWlQdC9TNnU1CmJzMElnTlBUQWNjT2dNeU5YZnc3QllQdllmVi9RVzk0M2IrVzlFcTNPeGdCeitmai9CTVpBV3ZlUVVuRmJIV1EKYVBiNEx6Qm5FcG9FTGk2ZW9uRUh2dUhiNzV4eVhJcm9DV0l3dUF5OFd4K203VTU5ZXhDTWdkaXdaaUF0K1p1ZApZTTl1MzQ4TVhpamdPckswTmZVVDdOdENnTDJzdjBLamNtV3RtUkkyQ3BvbGFUWWVSMUpvckxpNWIzaWEvZ3BLCmJpR2NaaGhka0RzelJoU0t3UjhzUVdZY3NPOE82M2M3NXl3QVZDdDZHd2RtUmpUcXZ3TFkycjFad0tscEErZisKcm8wOU9GeGRrWmdKCi0tLS0tRU5EIENFUlRJRklDQVRFLS0tLS0K"
              }
            ],
            "cluster_id": null,
            "compute_config": [],
            "created_at": "2026-06-13T04:55:58Z",
            "enabled_cluster_log_types": [],
            "encryption_config": [],
            "endpoint": "https://E2292EE809367A2829B7EBB6FF6614FD.gr7.us-east-1.eks.amazonaws.com",
            "force_update_version": null,
            "id": "afridi-eks-worker-cluster",
            "identity": [
              {
                "oidc": [
                  {
                    "issuer": "https://oidc.eks.us-east-1.amazonaws.com/id/E2292EE809367A2829B7EBB6FF6614FD"
                  }
                ]
              }
            ],
            "kubernetes_network_config": [
              {
                "elastic_load_balancing": [
                  {
                    "enabled": false
                  }
                ],
                "ip_family": "ipv4",
                "service_ipv4_cidr": "10.100.0.0/16",
                "service_ipv6_cidr": ""
              }
            ],
            "name": "afridi-eks-worker-cluster",
            "outpost_config": [],
            "platform_version": "eks.14",
            "remote_network_config": [],
            "role_arn": "arn:aws:iam::589118303122:role/interns-test-universe-eks-cluster-role",
            "status": "ACTIVE",
            "storage_config": [],
            "tags": {},
            "tags_all": {},
            "timeouts": null,
            "upgrade_policy": [
              {
                "support_type": "EXTENDED"
              }
            ],
            "version": "1.35",
            "vpc_config": [
              {
                "cluster_security_group_id": "sg-0f26befeee285177b",
                "endpoint_private_access": false,
                "endpoint_public_access": true,
                "public_access_cidrs": [
                  "0.0.0.0/0"
                ],
                "security_group_ids": [],
                "subnet_ids": [
                  "subnet-053f7c2400712c856",
                  "subnet-0d5be6e1a2e13c551",
                  "subnet-0e882c7ef132dbb91"
                ],
                "vpc_id": "vpc-0f581c357638067ff"
              }
            ],
            "zonal_shift_config": []
          },
          "sensitive_attributes": [],
          "identity_schema_version": 0,
          "private": "eyJlMmJmYjczMC1lY2FhLTExZTYtOGY4OC0zNDM2M2JjN2M0YzAiOnsiY3JlYXRlIjoxODAwMDAwMDAwMDAwLCJkZWxldGUiOjkwMDAwMDAwMDAwMCwidXBkYXRlIjozNjAwMDAwMDAwMDAwfSwic2NoZW1hX3ZlcnNpb24iOiIxIn0=",
          "dependencies": [
            "data.aws_subnets.public",
            "data.aws_vpc.default"
          ]
        }
      ]
    },
    {
      "mode": "managed",
      "type": "aws_eks_node_group",
      "name": "eks_worker_nodes",
      "provider": "provider[\"registry.terraform.io/hashicorp/aws\"]",
      "instances": [
        {
          "schema_version": 0,
          "attributes": {
            "ami_type": "AL2023_x86_64_STANDARD",
            "arn": "arn:aws:eks:us-east-1:589118303122:nodegroup/afridi-eks-worker-cluster/worker-node-pool/c6cf5faf-036d-64de-892c-f5e3d0168b08",
            "capacity_type": "ON_DEMAND",
            "cluster_name": "afridi-eks-worker-cluster",
            "disk_size": 20,
            "force_update_version": null,
            "id": "afridi-eks-worker-cluster:worker-node-pool",
            "instance_types": [
              "t3.medium"
            ],
            "labels": {},
            "launch_template": [],
            "node_group_name": "worker-node-pool",
            "node_group_name_prefix": "",
            "node_repair_config": [],
            "node_role_arn": "arn:aws:iam::589118303122:role/afridi-eks-worker-role",
            "release_version": "1.35.5-20260529",
            "remote_access": [
              {
                "ec2_ssh_key": "afridi-basic-key",
                "source_security_group_ids": []
              }
            ],
            "resources": [
              {
                "autoscaling_groups": [
                  {
                    "name": "eks-worker-node-pool-c6cf5faf-036d-64de-892c-f5e3d0168b08"
                  }
                ],
                "remote_access_security_group_id": "sg-02e27ebd2be39477a"
              }
            ],
            "scaling_config": [
              {
                "desired_size": 0,
                "max_size": 1,
                "min_size": 0
              }
            ],
            "status": "ACTIVE",
            "subnet_ids": [
              "subnet-053f7c2400712c856",
              "subnet-0d5be6e1a2e13c551",
              "subnet-0e882c7ef132dbb91"
            ],
            "tags": {},
            "tags_all": {},
            "taint": [],
            "timeouts": null,
            "update_config": [
              {
                "max_unavailable": 1,
                "max_unavailable_percentage": 0
              }
            ],
            "version": "1.35"
          },
          "sensitive_attributes": [],
          "identity_schema_version": 0,
          "private": "eyJlMmJmYjczMC1lY2FhLTExZTYtOGY4OC0zNDM2M2JjN2M0YzAiOnsiY3JlYXRlIjozNjAwMDAwMDAwMDAwLCJkZWxldGUiOjM2MDAwMDAwMDAwMDAsInVwZGF0ZSI6MzYwMDAwMDAwMDAwMH19",
          "dependencies": [
            "aws_eks_cluster.eks_worker_cluster",
            "aws_iam_role.eks_nodes",
            "aws_iam_role_policy_attachment.cni",
            "aws_iam_role_policy_attachment.ecr",
            "aws_iam_role_policy_attachment.worker",
            "aws_key_pair.ec2_key",
            "data.aws_subnets.public",
            "data.aws_vpc.default",
            "tls_private_key.ec2_key"
          ]
        }
      ]
    },
    {
      "mode": "managed",
      "type": "aws_iam_instance_profile",
      "name": "ec2_profile",
      "provider": "provider[\"registry.terraform.io/hashicorp/aws\"]",
      "instances": [
        {
          "schema_version": 0,
          "attributes": {
            "arn": "arn:aws:iam::589118303122:instance-profile/afridi-ec2-telemetry-profile",
            "create_date": "2026-06-14T04:13:41Z",
            "id": "afridi-ec2-telemetry-profile",
            "name": "afridi-ec2-telemetry-profile",
            "name_prefix": "",
            "path": "/",
            "role": "afridi-ec2-telemetry-role",
            "tags": {},
            "tags_all": {},
            "unique_id": "AIPAYSKRP5OJCHNSHIED6"
          },
          "sensitive_attributes": [],
          "identity_schema_version": 0,
          "private": "bnVsbA==",
          "dependencies": [
            "aws_iam_role.ec2_telemetry_role"
          ]
        }
      ]
    },
    {
      "mode": "managed",
      "type": "aws_iam_role",
      "name": "ec2_telemetry_role",
      "provider": "provider[\"registry.terraform.io/hashicorp/aws\"]",
      "instances": [
        {
          "schema_version": 0,
          "attributes": {
            "arn": "arn:aws:iam::589118303122:role/afridi-ec2-telemetry-role",
            "assume_role_policy": "{\"Statement\":[{\"Action\":\"sts:AssumeRole\",\"Effect\":\"Allow\",\"Principal\":{\"Service\":\"ec2.amazonaws.com\"}}],\"Version\":\"2012-10-17\"}",
            "create_date": "2026-06-14T04:13:39Z",
            "description": "",
            "force_detach_policies": false,
            "id": "afridi-ec2-telemetry-role",
            "inline_policy": [
              {
                "name": "EC2InstanceS3TelemetryAccess",
                "policy": "{\"Version\":\"2012-10-17\",\"Statement\":[{\"Action\":[\"s3:PutObject\",\"s3:GetObject\"],\"Effect\":\"Allow\",\"Resource\":\"arn:aws:s3:::afridi-poc-bucket/*\"}]}"
              }
            ],
            "managed_policy_arns": [],
            "max_session_duration": 3600,
            "name": "afridi-ec2-telemetry-role",
            "name_prefix": "",
            "path": "/",
            "permissions_boundary": "",
            "tags": {},
            "tags_all": {},
            "unique_id": "AROAYSKRP5OJKC2VVM4R2"
          },
          "sensitive_attributes": [],
          "identity_schema_version": 0,
          "private": "bnVsbA=="
        }
      ]
    },
    {
      "mode": "managed",
      "type": "aws_iam_role",
      "name": "eks_nodes",
      "provider": "provider[\"registry.terraform.io/hashicorp/aws\"]",
      "instances": [
        {
          "schema_version": 0,
          "attributes": {
            "arn": "arn:aws:iam::589118303122:role/afridi-eks-worker-role",
            "assume_role_policy": "{\"Statement\":[{\"Action\":\"sts:AssumeRole\",\"Effect\":\"Allow\",\"Principal\":{\"Service\":\"ec2.amazonaws.com\"}}],\"Version\":\"2012-10-17\"}",
            "create_date": "2026-06-13T04:55:56Z",
            "description": "",
            "force_detach_policies": false,
            "id": "afridi-eks-worker-role",
            "inline_policy": [
              {
                "name": "afridi-eks-s3-access",
                "policy": "{\"Version\":\"2012-10-17\",\"Statement\":[{\"Action\":[\"s3:PutObject\",\"s3:GetObject\",\"s3:ListBucket\"],\"Effect\":\"Allow\",\"Resource\":[\"arn:aws:s3:::afridi-poc-bucket\",\"arn:aws:s3:::afridi-poc-bucket/*\"]}]}"
              }
            ],
            "managed_policy_arns": [
              "arn:aws:iam::aws:policy/AmazonEC2ContainerRegistryReadOnly",
              "arn:aws:iam::aws:policy/AmazonEKSWorkerNodePolicy",
              "arn:aws:iam::aws:policy/AmazonEKS_CNI_Policy"
            ],
            "max_session_duration": 3600,
            "name": "afridi-eks-worker-role",
            "name_prefix": "",
            "path": "/",
            "permissions_boundary": "",
            "tags": {},
            "tags_all": {},
            "unique_id": "AROAYSKRP5OJG3XH4K5DD"
          },
          "sensitive_attributes": [],
          "identity_schema_version": 0,
          "private": "bnVsbA=="
        }
      ]
    },
    {
      "mode": "managed",
      "type": "aws_iam_role_policy",
      "name": "ec2_s3_policy",
      "provider": "provider[\"registry.terraform.io/hashicorp/aws\"]",
      "instances": [
        {
          "schema_version": 0,
          "attributes": {
            "id": "afridi-ec2-telemetry-role:EC2InstanceS3TelemetryAccess",
            "name": "EC2InstanceS3TelemetryAccess",
            "name_prefix": "",
            "policy": "{\"Version\":\"2012-10-17\",\"Statement\":[{\"Action\":[\"s3:PutObject\",\"s3:GetObject\"],\"Effect\":\"Allow\",\"Resource\":\"arn:aws:s3:::afridi-poc-bucket/*\"}]}",
            "role": "afridi-ec2-telemetry-role"
          },
          "sensitive_attributes": [],
          "identity_schema_version": 0,
          "private": "bnVsbA==",
          "dependencies": [
            "aws_iam_role.ec2_telemetry_role",
            "aws_s3_bucket.telemetry_bucket"
          ]
        }
      ]
    },
    {
      "mode": "managed",
      "type": "aws_iam_role_policy",
      "name": "ecs_s3_policy",
      "provider": "provider[\"registry.terraform.io/hashicorp/aws\"]",
      "instances": [
        {
          "schema_version": 0,
          "attributes": {
            "id": "ecsTaskExecutionRole:afridi-ecs-s3-access-policy",
            "name": "afridi-ecs-s3-access-policy",
            "name_prefix": "",
            "policy": "{\"Version\":\"2012-10-17\",\"Statement\":[{\"Action\":[\"s3:PutObject\",\"s3:GetObject\",\"s3:ListBucket\"],\"Effect\":\"Allow\",\"Resource\":[\"arn:aws:s3:::afridi-poc-bucket\",\"arn:aws:s3:::afridi-poc-bucket/*\"]}]}",
            "role": "ecsTaskExecutionRole"
          },
          "sensitive_attributes": [],
          "identity_schema_version": 0,
          "private": "bnVsbA==",
          "dependencies": [
            "data.aws_iam_role.ecs_execution_role"
          ]
        }
      ]
    },
    {
      "mode": "managed",
      "type": "aws_iam_role_policy",
      "name": "eks_s3_access",
      "provider": "provider[\"registry.terraform.io/hashicorp/aws\"]",
      "instances": [
        {
          "schema_version": 0,
          "attributes": {
            "id": "afridi-eks-worker-role:afridi-eks-s3-access",
            "name": "afridi-eks-s3-access",
            "name_prefix": "",
            "policy": "{\"Version\":\"2012-10-17\",\"Statement\":[{\"Action\":[\"s3:PutObject\",\"s3:GetObject\",\"s3:ListBucket\"],\"Effect\":\"Allow\",\"Resource\":[\"arn:aws:s3:::afridi-poc-bucket\",\"arn:aws:s3:::afridi-poc-bucket/*\"]}]}",
            "role": "afridi-eks-worker-role"
          },
          "sensitive_attributes": [],
          "identity_schema_version": 0,
          "private": "bnVsbA==",
          "dependencies": [
            "aws_iam_role.eks_nodes"
          ]
        }
      ]
    },
    {
      "mode": "managed",
      "type": "aws_iam_role_policy_attachment",
      "name": "cni",
      "provider": "provider[\"registry.terraform.io/hashicorp/aws\"]",
      "instances": [
        {
          "schema_version": 0,
          "attributes": {
            "id": "afridi-eks-worker-role-20260613045557503200000001",
            "policy_arn": "arn:aws:iam::aws:policy/AmazonEKS_CNI_Policy",
            "role": "afridi-eks-worker-role"
          },
          "sensitive_attributes": [],
          "identity_schema_version": 0,
          "private": "bnVsbA==",
          "dependencies": [
            "aws_iam_role.eks_nodes"
          ]
        }
      ]
    },
    {
      "mode": "managed",
      "type": "aws_iam_role_policy_attachment",
      "name": "ecr",
      "provider": "provider[\"registry.terraform.io/hashicorp/aws\"]",
      "instances": [
        {
          "schema_version": 0,
          "attributes": {
            "id": "afridi-eks-worker-role-20260613045557837300000002",
            "policy_arn": "arn:aws:iam::aws:policy/AmazonEC2ContainerRegistryReadOnly",
            "role": "afridi-eks-worker-role"
          },
          "sensitive_attributes": [],
          "identity_schema_version": 0,
          "private": "bnVsbA==",
          "dependencies": [
            "aws_iam_role.eks_nodes"
          ]
        }
      ]
    },
    {
      "mode": "managed",
      "type": "aws_iam_role_policy_attachment",
      "name": "worker",
      "provider": "provider[\"registry.terraform.io/hashicorp/aws\"]",
      "instances": [
        {
          "schema_version": 0,
          "attributes": {
            "id": "afridi-eks-worker-role-20260613045558164000000003",
            "policy_arn": "arn:aws:iam::aws:policy/AmazonEKSWorkerNodePolicy",
            "role": "afridi-eks-worker-role"
          },
          "sensitive_attributes": [],
          "identity_schema_version": 0,
          "private": "bnVsbA==",
          "dependencies": [
            "aws_iam_role.eks_nodes"
          ]
        }
      ]
    },
    {
      "mode": "managed",
      "type": "aws_instance",
      "name": "afridi_basic",
      "provider": "provider[\"registry.terraform.io/hashicorp/aws\"]",
      "instances": [
        {
          "schema_version": 1,
          "attributes": {
            "ami": "ami-0c02fb55956c7d316",
            "arn": "arn:aws:ec2:us-east-1:589118303122:instance/i-04f5f53d394f241aa",
            "associate_public_ip_address": true,
            "availability_zone": "us-east-1d",
            "capacity_reservation_specification": [
              {
                "capacity_reservation_preference": "open",
                "capacity_reservation_target": []
              }
            ],
            "cpu_core_count": 1,
            "cpu_options": [
              {
                "amd_sev_snp": "",
                "core_count": 1,
                "threads_per_core": 1
              }
            ],
            "cpu_threads_per_core": 1,
            "credit_specification": [
              {
                "cpu_credits": "standard"
              }
            ],
            "disable_api_stop": false,
            "disable_api_termination": false,
            "ebs_block_device": [],
            "ebs_optimized": false,
            "enable_primary_ipv6": null,
            "enclave_options": [
              {
                "enabled": false
              }
            ],
            "ephemeral_block_device": [],
            "get_password_data": false,
            "hibernation": false,
            "host_id": "",
            "host_resource_group_arn": null,
            "iam_instance_profile": "afridi-ec2-telemetry-profile",
            "id": "i-04f5f53d394f241aa",
            "instance_initiated_shutdown_behavior": "stop",
            "instance_lifecycle": "",
            "instance_market_options": [],
            "instance_state": "running",
            "instance_type": "t2.micro",
            "ipv6_address_count": 0,
            "ipv6_addresses": [],
            "key_name": "afridi-basic-key",
            "launch_template": [],
            "maintenance_options": [
              {
                "auto_recovery": "default"
              }
            ],
            "metadata_options": [
              {
                "http_endpoint": "enabled",
                "http_protocol_ipv6": "disabled",
                "http_put_response_hop_limit": 1,
                "http_tokens": "optional",
                "instance_metadata_tags": "disabled"
              }
            ],
            "monitoring": false,
            "network_interface": [],
            "outpost_arn": "",
            "password_data": "",
            "placement_group": "",
            "placement_partition_number": 0,
            "primary_network_interface_id": "eni-000ff0aea87b06e21",
            "private_dns": "ip-172-31-95-97.ec2.internal",
            "private_dns_name_options": [
              {
                "enable_resource_name_dns_a_record": false,
                "enable_resource_name_dns_aaaa_record": false,
                "hostname_type": "ip-name"
              }
            ],
            "private_ip": "172.31.95.97",
            "public_dns": "ec2-54-243-168-109.compute-1.amazonaws.com",
            "public_ip": "54.243.168.109",
            "root_block_device": [
              {
                "delete_on_termination": true,
                "device_name": "/dev/xvda",
                "encrypted": false,
                "iops": 3000,
                "kms_key_id": "",
                "tags": {},
                "tags_all": {},
                "throughput": 125,
                "volume_id": "vol-0b9b6c330e3e57e08",
                "volume_size": 8,
                "volume_type": "gp3"
              }
            ],
            "secondary_private_ips": [],
            "security_groups": [
              "afridi-allow-ssh"
            ],
            "source_dest_check": true,
            "spot_instance_request_id": "",
            "subnet_id": "subnet-053f7c2400712c856",
            "tags": {
              "Name": "afridi-basic-ec2"
            },
            "tags_all": {
              "Name": "afridi-basic-ec2"
            },
            "tenancy": "default",
            "timeouts": null,
            "user_data": "d40b8355fc7db7c14bd2fc4a021bead7b8706f53",
            "user_data_base64": null,
            "user_data_replace_on_change": false,
            "volume_tags": null,
            "vpc_security_group_ids": [
              "sg-0819fd207f84a90ff"
            ]
          },
          "sensitive_attributes": [],
          "identity_schema_version": 0,
          "private": "eyJlMmJmYjczMC1lY2FhLTExZTYtOGY4OC0zNDM2M2JjN2M0YzAiOnsiY3JlYXRlIjo2MDAwMDAwMDAwMDAsImRlbGV0ZSI6MTIwMDAwMDAwMDAwMCwicmVhZCI6OTAwMDAwMDAwMDAwLCJ1cGRhdGUiOjYwMDAwMDAwMDAwMH0sInNjaGVtYV92ZXJzaW9uIjoiMSJ9",
          "dependencies": [
            "aws_iam_instance_profile.ec2_profile",
            "aws_iam_role.ec2_telemetry_role",
            "aws_key_pair.ec2_key",
            "aws_security_group.allow_ssh",
            "data.aws_subnets.public",
            "data.aws_vpc.default",
            "tls_private_key.ec2_key"
          ]
        }
      ]
    },
    {
      "mode": "managed",
      "type": "aws_key_pair",
      "name": "ec2_key",
      "provider": "provider[\"registry.terraform.io/hashicorp/aws\"]",
      "instances": [
        {
          "schema_version": 1,
          "attributes": {
            "arn": "arn:aws:ec2:us-east-1:589118303122:key-pair/afridi-basic-key",
            "fingerprint": "00:35:31:62:c7:fc:37:5b:48:c6:e0:3c:bb:c7:31:18",
            "id": "afridi-basic-key",
            "key_name": "afridi-basic-key",
            "key_name_prefix": "",
            "key_pair_id": "key-065556acd637dd262",
            "key_type": "rsa",
            "public_key": "ssh-rsa AAAAB3NzaC1yc2EAAAADAQABAAACAQDcGgVC82n+AYxX2x/X35d9j7hjcjMkDk4gj7+OfSx03s0FUpIF0DcWvUSkZM8Nri5b7ErfibkQH3rb1gihmBcWoMPqXSnH4ovuDnfgH+clREJpjZLwG3nNvO4oLJMiEmeVfq7ej3KVZg0Cp1xmQCddD81SxJUGlnxae4Xgy0P0adV78NK3TENnw9IxTFE3UHcDxlBbe5sTyJ5kF+qLhFfCL5VMtW08suEHy0JlmD4CGEe3KONqfdKf5nccovu2OiMMTspE1dPwHfbZe2ig1xB6MV1k/qBvJAiyNrxKmikbWUp6ApJ1gZb6kEhkG3UwGBKvwtOqjbxQrA7i0KzBv86MiqB0mp87sln+DUtGCLfSAG97QlAFzKwFYxRVTq3zIS6wsuEiAbRMcbmWhSjH1pzwhXOQ31uzhradvVlW6DQvhzlnv3AQoxStUQXDX/JgjcueGXZUe0GFBiAp4VjMm6Ap75X/fkf84H0cibY0XrquFrTJDHn0cH29IuIu66gNB2r7s6GXahA7Vun9N1iztGCIoRqXzUkOtONlz97KTHIp3xnQ/hSmmOqROtHiO9UfsHG/AlZy8gKG4ij3katVlsglx4bdh9e0u0NiQjXRCxTi2yxzfRSmUK+ayO8BDvSU0Tgx+HF775HfTP1ajmgvoWIGsGvbaWOh0rxdTZo5tyi/7Q==",
            "tags": {},
            "tags_all": {}
          },
          "sensitive_attributes": [],
          "identity_schema_version": 0,
          "private": "eyJzY2hlbWFfdmVyc2lvbiI6IjEifQ==",
          "dependencies": [
            "tls_private_key.ec2_key"
          ]
        }
      ]
    },
    {
      "mode": "managed",
      "type": "aws_lambda_function",
      "name": "router",
      "provider": "provider[\"registry.terraform.io/hashicorp/aws\"]",
      "instances": [
        {
          "schema_version": 0,
          "attributes": {
            "architectures": [
              "x86_64"
            ],
            "arn": "arn:aws:lambda:us-east-1:589118303122:function:message-middleware-router",
            "code_sha256": "RFTTYZ1Ds0qqHFtM2xptRHMg4SkO/RmI+pIzFgcOnqI=",
            "code_signing_config_arn": "",
            "dead_letter_config": [],
            "description": "",
            "environment": [
              {
                "variables": {
                  "EC2_PUBLIC_IP": "54.243.168.109",
                  "ECS_CLUSTER_NAME": "afridi-hybrid-cluster",
                  "ECS_SERVICE_NAME": "afridi-rust-service"
                }
              }
            ],
            "ephemeral_storage": [
              {
                "size": 512
              }
            ],
            "file_system_config": [],
            "filename": "./lambda_function.zip",
            "function_name": "message-middleware-router",
            "handler": "index.handler",
            "id": "message-middleware-router",
            "image_config": [],
            "image_uri": "",
            "invoke_arn": "arn:aws:apigateway:us-east-1:lambda:path/2015-03-31/functions/arn:aws:lambda:us-east-1:589118303122:function:message-middleware-router/invocations",
            "kms_key_arn": "",
            "last_modified": "2026-06-14T04:15:28.000+0000",
            "layers": [],
            "logging_config": [
              {
                "application_log_level": "",
                "log_format": "Text",
                "log_group": "/aws/lambda/message-middleware-router",
                "system_log_level": ""
              }
            ],
            "memory_size": 128,
            "package_type": "Zip",
            "publish": false,
            "qualified_arn": "arn:aws:lambda:us-east-1:589118303122:function:message-middleware-router:$LATEST",
            "qualified_invoke_arn": "arn:aws:apigateway:us-east-1:lambda:path/2015-03-31/functions/arn:aws:lambda:us-east-1:589118303122:function:message-middleware-router:$LATEST/invocations",
            "replace_security_groups_on_destroy": null,
            "replacement_security_group_ids": null,
            "reserved_concurrent_executions": 0,
            "role": "arn:aws:iam::589118303122:role/kpi-interns-dev-sso-inboundRole",
            "runtime": "nodejs18.x",
            "s3_bucket": null,
            "s3_key": null,
            "s3_object_version": null,
            "signing_job_arn": "",
            "signing_profile_version_arn": "",
            "skip_destroy": false,
            "snap_start": [],
            "source_code_hash": "RFTTYZ1Ds0qqHFtM2xptRHMg4SkO/RmI+pIzFgcOnqI=",
            "source_code_size": 780,
            "tags": {},
            "tags_all": {},
            "timeout": 3,
            "timeouts": null,
            "tracing_config": [
              {
                "mode": "PassThrough"
              }
            ],
            "version": "$LATEST",
            "vpc_config": []
          },
          "sensitive_attributes": [],
          "identity_schema_version": 0,
          "private": "eyJlMmJmYjczMC1lY2FhLTExZTYtOGY4OC0zNDM2M2JjN2M0YzAiOnsiY3JlYXRlIjo2MDAwMDAwMDAwMDAsImRlbGV0ZSI6NjAwMDAwMDAwMDAwLCJ1cGRhdGUiOjYwMDAwMDAwMDAwMH19",
          "dependencies": [
            "aws_apigatewayv2_api.http_api",
            "aws_cloudwatch_log_group.ecs_log_group",
            "aws_db_instance.postgres",
            "aws_db_subnet_group.rds_subnet_group",
            "aws_ecr_repository.message_generator",
            "aws_ecs_cluster.app_cluster",
            "aws_ecs_service.rust_ecs_service",
            "aws_ecs_task_definition.rust_ecs_task",
            "aws_iam_instance_profile.ec2_profile",
            "aws_iam_role.ec2_telemetry_role",
            "aws_instance.afridi_basic",
            "aws_key_pair.ec2_key",
            "aws_security_group.allow_ssh",
            "aws_security_group.rds_sg",
            "data.archive_file.lambda_zip",
            "data.aws_iam_role.ecs_execution_role",
            "data.aws_subnets.public",
            "data.aws_vpc.default",
            "tls_private_key.ec2_key"
          ]
        }
      ]
    },
    {
      "mode": "managed",
      "type": "aws_lambda_permission",
      "name": "api_gw",
      "provider": "provider[\"registry.terraform.io/hashicorp/aws\"]",
      "instances": [
        {
          "schema_version": 0,
          "attributes": {
            "action": "lambda:InvokeFunction",
            "event_source_token": null,
            "function_name": "message-middleware-router",
            "function_url_auth_type": null,
            "id": "AllowExecutionFromAPIGateway",
            "principal": "apigateway.amazonaws.com",
            "principal_org_id": null,
            "qualifier": "",
            "source_account": null,
            "source_arn": "arn:aws:execute-api:us-east-1:589118303122:r1dhvsfyxl/*/*",
            "statement_id": "AllowExecutionFromAPIGateway",
            "statement_id_prefix": ""
          },
          "sensitive_attributes": [],
          "identity_schema_version": 0,
          "private": "bnVsbA==",
          "dependencies": [
            "aws_apigatewayv2_api.http_api",
            "aws_cloudwatch_log_group.ecs_log_group",
            "aws_db_instance.postgres",
            "aws_db_subnet_group.rds_subnet_group",
            "aws_ecr_repository.message_generator",
            "aws_ecs_cluster.app_cluster",
            "aws_ecs_service.rust_ecs_service",
            "aws_ecs_task_definition.rust_ecs_task",
            "aws_iam_instance_profile.ec2_profile",
            "aws_iam_role.ec2_telemetry_role",
            "aws_instance.afridi_basic",
            "aws_key_pair.ec2_key",
            "aws_lambda_function.router",
            "aws_security_group.allow_ssh",
            "aws_security_group.rds_sg",
            "data.archive_file.lambda_zip",
            "data.aws_iam_role.ecs_execution_role",
            "data.aws_subnets.public",
            "data.aws_vpc.default",
            "tls_private_key.ec2_key"
          ]
        }
      ]
    },
    {
      "mode": "managed",
      "type": "aws_s3_bucket",
      "name": "telemetry_bucket",
      "provider": "provider[\"registry.terraform.io/hashicorp/aws\"]",
      "instances": [
        {
          "schema_version": 0,
          "attributes": {
            "acceleration_status": "",
            "acl": null,
            "arn": "arn:aws:s3:::afridi-poc-bucket",
            "bucket": "afridi-poc-bucket",
            "bucket_domain_name": "afridi-poc-bucket.s3.amazonaws.com",
            "bucket_prefix": "",
            "bucket_regional_domain_name": "afridi-poc-bucket.s3.us-east-1.amazonaws.com",
            "cors_rule": [],
            "force_destroy": true,
            "grant": [
              {
                "id": "222325ea9e345be785dec33693a80d86f94f6ff0372ec0d0ac5c04d0ff6ccc89",
                "permissions": [
                  "FULL_CONTROL"
                ],
                "type": "CanonicalUser",
                "uri": ""
              }
            ],
            "hosted_zone_id": "Z3AQBSTGFYJSTF",
            "id": "afridi-poc-bucket",
            "lifecycle_rule": [],
            "logging": [
              {
                "target_bucket": "logs-infra-kpi-interns-s3",
                "target_prefix": "logs/589118303122/us-east-1/afridi-poc-bucket/"
              }
            ],
            "object_lock_configuration": [],
            "object_lock_enabled": false,
            "policy": "",
            "region": "us-east-1",
            "replication_configuration": [],
            "request_payer": "BucketOwner",
            "server_side_encryption_configuration": [
              {
                "rule": [
                  {
                    "apply_server_side_encryption_by_default": [
                      {
                        "kms_master_key_id": "",
                        "sse_algorithm": "AES256"
                      }
                    ],
                    "bucket_key_enabled": false
                  }
                ]
              }
            ],
            "tags": {
              "Environment": "Dev-POC",
              "ManagedBy": "Terraform"
            },
            "tags_all": {
              "Environment": "Dev-POC",
              "ManagedBy": "Terraform"
            },
            "timeouts": null,
            "versioning": [
              {
                "enabled": true,
                "mfa_delete": false
              }
            ],
            "website": [],
            "website_domain": null,
            "website_endpoint": null
          },
          "sensitive_attributes": [],
          "identity_schema_version": 0,
          "private": "eyJlMmJmYjczMC1lY2FhLTExZTYtOGY4OC0zNDM2M2JjN2M0YzAiOnsiY3JlYXRlIjoxMjAwMDAwMDAwMDAwLCJkZWxldGUiOjM2MDAwMDAwMDAwMDAsInJlYWQiOjEyMDAwMDAwMDAwMDAsInVwZGF0ZSI6MTIwMDAwMDAwMDAwMH19"
        }
      ]
    },
    {
      "mode": "managed",
      "type": "aws_s3_bucket_public_access_block",
      "name": "block_public",
      "provider": "provider[\"registry.terraform.io/hashicorp/aws\"]",
      "instances": [
        {
          "schema_version": 0,
          "attributes": {
            "block_public_acls": true,
            "block_public_policy": true,
            "bucket": "afridi-poc-bucket",
            "id": "afridi-poc-bucket",
            "ignore_public_acls": true,
            "restrict_public_buckets": true
          },
          "sensitive_attributes": [],
          "identity_schema_version": 0,
          "private": "bnVsbA==",
          "dependencies": [
            "aws_s3_bucket.telemetry_bucket"
          ]
        }
      ]
    },
    {
      "mode": "managed",
      "type": "aws_security_group",
      "name": "allow_ssh",
      "provider": "provider[\"registry.terraform.io/hashicorp/aws\"]",
      "instances": [
        {
          "schema_version": 1,
          "attributes": {
            "arn": "arn:aws:ec2:us-east-1:589118303122:security-group/sg-0819fd207f84a90ff",
            "description": "Allow inbound SSH and application tier web traffic",
            "egress": [
              {
                "cidr_blocks": [
                  "0.0.0.0/0"
                ],
                "description": "Allow unrestricted outbound execution communication",
                "from_port": 0,
                "ipv6_cidr_blocks": [],
                "prefix_list_ids": [],
                "protocol": "-1",
                "security_groups": [],
                "self": false,
                "to_port": 0
              }
            ],
            "id": "sg-0819fd207f84a90ff",
            "ingress": [
              {
                "cidr_blocks": [
                  "0.0.0.0/0"
                ],
                "description": "Allow inbound SSH administration",
                "from_port": 22,
                "ipv6_cidr_blocks": [],
                "prefix_list_ids": [],
                "protocol": "tcp",
                "security_groups": [],
                "self": false,
                "to_port": 22
              },
              {
                "cidr_blocks": [
                  "0.0.0.0/0"
                ],
                "description": "Allow public HTTP traffic",
                "from_port": 80,
                "ipv6_cidr_blocks": [],
                "prefix_list_ids": [],
                "protocol": "tcp",
                "security_groups": [],
                "self": false,
                "to_port": 80
              },
              {
                "cidr_blocks": [
                  "0.0.0.0/0"
                ],
                "description": "Allow public HTTPS traffic",
                "from_port": 443,
                "ipv6_cidr_blocks": [],
                "prefix_list_ids": [],
                "protocol": "tcp",
                "security_groups": [],
                "self": false,
                "to_port": 443
              }
            ],
            "name": "afridi-allow-ssh",
            "name_prefix": "",
            "owner_id": "589118303122",
            "revoke_rules_on_delete": false,
            "tags": {},
            "tags_all": {},
            "timeouts": null,
            "vpc_id": "vpc-0f581c357638067ff"
          },
          "sensitive_attributes": [],
          "identity_schema_version": 0,
          "private": "eyJlMmJmYjczMC1lY2FhLTExZTYtOGY4OC0zNDM2M2JjN2M0YzAiOnsiY3JlYXRlIjo2MDAwMDAwMDAwMDAsImRlbGV0ZSI6OTAwMDAwMDAwMDAwfSwic2NoZW1hX3ZlcnNpb24iOiIxIn0=",
          "dependencies": [
            "data.aws_vpc.default"
          ]
        }
      ]
    },
    {
      "mode": "managed",
      "type": "aws_security_group",
      "name": "rds_sg",
      "provider": "provider[\"registry.terraform.io/hashicorp/aws\"]",
      "instances": [
        {
          "schema_version": 1,
          "attributes": {
            "arn": "arn:aws:ec2:us-east-1:589118303122:security-group/sg-039e3e93433ff0a18",
            "description": "Managed by Terraform",
            "egress": [
              {
                "cidr_blocks": [
                  "0.0.0.0/0"
                ],
                "description": "",
                "from_port": 0,
                "ipv6_cidr_blocks": [],
                "prefix_list_ids": [],
                "protocol": "-1",
                "security_groups": [],
                "self": false,
                "to_port": 0
              }
            ],
            "id": "sg-039e3e93433ff0a18",
            "ingress": [
              {
                "cidr_blocks": [
                  "0.0.0.0/0"
                ],
                "description": "",
                "from_port": 5432,
                "ipv6_cidr_blocks": [],
                "prefix_list_ids": [],
                "protocol": "tcp",
                "security_groups": [],
                "self": false,
                "to_port": 5432
              },
              {
                "cidr_blocks": [],
                "description": "",
                "from_port": 5432,
                "ipv6_cidr_blocks": [],
                "prefix_list_ids": [],
                "protocol": "tcp",
                "security_groups": [
                  "sg-0819fd207f84a90ff"
                ],
                "self": false,
                "to_port": 5432
              }
            ],
            "name": "afridi-shared-rds-sg",
            "name_prefix": "",
            "owner_id": "589118303122",
            "revoke_rules_on_delete": false,
            "tags": {},
            "tags_all": {},
            "timeouts": null,
            "vpc_id": "vpc-0f581c357638067ff"
          },
          "sensitive_attributes": [],
          "identity_schema_version": 0,
          "private": "eyJlMmJmYjczMC1lY2FhLTExZTYtOGY4OC0zNDM2M2JjN2M0YzAiOnsiY3JlYXRlIjo2MDAwMDAwMDAwMDAsImRlbGV0ZSI6OTAwMDAwMDAwMDAwfSwic2NoZW1hX3ZlcnNpb24iOiIxIn0=",
          "dependencies": [
            "aws_security_group.allow_ssh",
            "data.aws_vpc.default"
          ]
        }
      ]
    },
    {
      "mode": "managed",
      "type": "local_file",
      "name": "private_key_pem",
      "provider": "provider[\"registry.terraform.io/hashicorp/local\"]",
      "instances": [
        {
          "schema_version": 0,
          "attributes": {
            "content": "-----BEGIN RSA PRIVATE KEY-----\nMIIJKAIBAAKCAgEA3BoFQvNp/gGMV9sf19+XfY+4Y3IzJA5OII+/jn0sdN7NBVKS\nBdA3Fr1EpGTPDa4uW+xK34m5EB9629YIoZgXFqDD6l0px+KL7g534B/nJURCaY2S\n8Bt5zbzuKCyTIhJnlX6u3o9ylWYNAqdcZkAnXQ/NUsSVBpZ8WnuF4MtD9GnVe/DS\nt0xDZ8PSMUxRN1B3A8ZQW3ubE8ieZBfqi4RXwi+VTLVtPLLhB8tCZZg+AhhHtyjj\nan3Sn+Z3HKL7tjojDE7KRNXT8B322XtooNcQejFdZP6gbyQIsja8SpopG1lKegKS\ndYGW+pBIZBt1MBgSr8LTqo28UKwO4tCswb/OjIqgdJqfO7JZ/g1LRgi30gBve0JQ\nBcysBWMUVU6t8yEusLLhIgG0THG5loUox9ac8IVzkN9bs4a2nb1ZVug0L4c5Z79w\nEKMUrVEFw1/yYI3Lnhl2VHtBhQYgKeFYzJugKe+V/35H/OB9HIm2NF66rha0yQx5\n9HB9vSLiLuuoDQdq+7Ohl2oQO1bp/TdYs7RgiKEal81JDrTjZc/eykxyKd8Z0P4U\nppjqkTrR4jvVH7BxvwJWcvIChuIo95GrVZbIJceG3YfXtLtDYkI10QsU4tssc30U\nplCvmsjvAQ70lNE4Mfhxe++R30z9Wo5oL6FiBrBr22ljodK8XU2aObcov+0CAwEA\nAQKCAgAWN4Us8SOTiWX4b0yrTm089h8jYKFjZBNES6ZHFIECigPRY/iL4CzTXYb6\nfhd9VsXkrvkOz9jPlRHic1wbLZ41AUTNWRqQy+AahzjX9XhwRU/b1jfNB0T3/Lhg\nc0FlyMxOZYNywTGMfYjWKf0UcCjZBrGPx3qQd+u0+W911aa2GuG6+T/X0zmhlX1X\nzw+KoRNmXOP7HAK3EELWsShSbWkrV4C/RbfxTtASqJR6609lCDzi8txjwTAbxlhj\nGluElSE5CpH1uUzDmc6zPLb+tz65StbVzTL2DQHYtVgzwpRgJ5byMmTEujA6egpo\nmnHtiRyHw8d4WYa28Osuv2gUxY7sZjuG5AVopEjlk/TueXrU+xtgSVC4tSZWr/k7\nSfTDIYDbkeFZWCMOgdHZ7mlLI7YmbKjRNl0KWYy44M8iRieaKdM6quKZWAbTY/KL\ng5mL/aqxGV37yH2aABoEKaXHJCKNsWF1fNP9urxCtNsH4u1fznOGZA/RhkgSngk8\nz4Z/8qUcnunRqoVLCC34pyt1rukZIG82wICP6qYyiYkBsS2QIEGHohj+JND6JbGc\nMjDjinyQ7kv3Eg9mBbNxFPAiFWBlhQjGRtL+1WGMc4NPzP3mgMicXQgWKzrcosUb\nWs/ntT2n6LvH1kCen8Bgj1i39W2QnnMZQAgm8vSehFj6mngcMQKCAQEA/5EXOTJS\nnxxezddYEKob9uGuUYhQhbL9y57r6Ny6J9EXTjPxy6U4tTjXIBWSH3T1XAVmbB7Q\nwW3AAf9zPCdWA8I3GAOzUWdbecfqD+0QfMrB7crcS/o6wTeeWBoZ5noctRN5xHP/\nwPVrW62DOKDKyVz6dhheP9591ilDdzv/GQmmvWoVjtwd2EADUPp9swEeOvyl2E2j\n7wHpRTnM5LJGtj+G+9JsKrsp5Ure8NaYplVAYuT+m9eVUszB13pGx8DuJgJw93gb\nm7wLyplttK5zAQuJMjvMV8ZzG9vlwPe9CEkRKbcbaREqVimeDJIntVUjMYBx+7hA\ns9iuPiM6UVpfnQKCAQEA3HmJ9Zca1Xn6RbZC6l8YcLDbFkxHSqDDx6QwIFx5wTR1\nu6x+JAd8k0P4vtZL5i7Vy9GvEoyz7DPsYz5y7DAhXqXtrBX4lQP1hlNbZsrdaflG\nR4yBQDQu31pxmg/LRltp8WSVo6KlYBRYCwgcoDHBfIXfujylScM7J5269xDVYKAc\nH1iP9ViRL1T9vDiVF65g3j5ASyu3RYrpKzjZD24HQL4yw/V/y4zaJ84MU7ol5E71\n6ogqeE0Nl9scTCJyxrB/gZ5NIxGa3o76PxTkgE/99JMW3hPKh2+eNFD9h4C8dUhw\nOxEUBuVxmtTE59+FBNN8wq6M/zVegRz1Z+QXK5N4kQKCAQBxbVTwVsxiv/W3yC7W\n3pkgvtNebnDGlkWcPQGZTXX1vBBq7hUP/Fmp3Ptlyw0alw9a8y6dKCQg5XQFrvnX\nJeJAMs+/Ac1xgL0R1M+ml+HscRUXVCToN7wiC2xkz9jU+TeKioVN0uodGw+2FdGa\nrYqzSmgDSBd0o2wYRCIkZmV3GFh/0viUek9oriiKpVJqw0FGjuGQmgz7RE7jIZ81\nlYZa1uEzHRZS9NTIZq2CGMyRbl7wRZBXXJxyrlwOJcAKYi+QgR7gRteCDDjzh5sw\nSQjT2uneeLnd7z8hizxyo8GrTrqmWBV7UVoH+dqi269yBMJk8wwj24gkCjRzcbEt\ncD3lAoIBAH/ZqvrTqSfqGAuc6ajnhFC0/hcsHJtWJrH6sD3T4nb7aNpv6KYUAVWU\nsQZZVqIgvrH24kMrfJqYcZgLerEkJ/Wu2uhTxVcEeLhwViyBr2votax/+eO1Xwj+\ndaoVRpeCIylsXqoJg0T4ByY+ifsLX1xKdbaVvHPN1tveR7FF/baOokA7Jx/rQCXm\nb01asnqNEHdQOhBdRWX6a8Q4rwaXk3Uj1mR0VKtA/rDed5+F7rs6XrimRZqFdEB/\nOyWbRFubthUAK1MOvnQZDVzPTMJroKTXNweJCoUHYQKNhLezG5YXb52RBcAKBZr3\nj0e3AngN++cZOYI0/Jx6ooSgbB9E4UECggEBAPr2mdcuMeQ9uItmp1sb0WPTVdzL\nGE1Qt15vsC5ncxxfBAli9X1QUPA9AAYaiF04IfWfsMmCxITb7WVUQKcAnrifG96t\nPLhJV4W+GE5u5hknpkYB5v3PVm8sinLMYHfzFq/BQZFkVlkxwlqtbTRR52Hn9Ysp\nd6aBblngrkocxVkSuw4OdyBHd9qI358Hfu7jNbAlEFU3qpgXMBzmnUTrHKXrx3Ee\n+48PrKG/UEhnyDUrHuIXyfs3mPnN00B0Ri9zx4y/OjrQVMVjBFQhnxymUDEpgTyX\ny/ZDKIRz2f2w8lpqr3HtBzpS927UP8Bh0ty5Bz1u9CM9a0mpCadQiMCqrKs=\n-----END RSA PRIVATE KEY-----\n",
            "content_base64": null,
            "content_base64sha256": "afgrZAmEEmFj7mZ538tF6d+eq0THdr/+P60Fp6g0rBY=",
            "content_base64sha512": "1lpKn9Usa6HVJcXydCHt7qHZJB9ng/l3qGLIwlPkUxreY8Udy6DB5n+b1gJNwJmN3xP+jOIdMKHg6vDhHUk17Q==",
            "content_md5": "b16c2ac0089377251ff4c6d0469859f4",
            "content_sha1": "3971bce10b1e43f9ba42173deb807a503bfccbc0",
            "content_sha256": "69f82b640984126163ee6679dfcb45e9df9eab44c776bffe3fad05a7a834ac16",
            "content_sha512": "d65a4a9fd52c6ba1d525c5f27421edeea1d9241f6783f977a862c8c253e4531ade63c51dcba0c1e67f9bd6024dc0998ddf13fe8ce21d30a1e0eaf0e11d4935ed",
            "directory_permission": "0700",
            "file_permission": "0400",
            "filename": "./afridi-key.pem",
            "id": "3971bce10b1e43f9ba42173deb807a503bfccbc0",
            "sensitive_content": null,
            "source": null
          },
          "sensitive_attributes": [
            [
              {
                "type": "get_attr",
                "value": "content"
              }
            ],
            [
              {
                "type": "get_attr",
                "value": "sensitive_content"
              }
            ]
          ],
          "identity_schema_version": 0,
          "dependencies": [
            "tls_private_key.ec2_key"
          ]
        }
      ]
    },
    {
      "mode": "managed",
      "type": "tls_private_key",
      "name": "ec2_key",
      "provider": "provider[\"registry.terraform.io/hashicorp/tls\"]",
      "instances": [
        {
          "schema_version": 1,
          "attributes": {
            "algorithm": "RSA",
            "ecdsa_curve": "P224",
            "id": "70f4682e4fdb080379f6db51cc9775b2e65a4e50",
            "private_key_openssh": "-----BEGIN OPENSSH PRIVATE KEY-----\nb3BlbnNzaC1rZXktdjEAAAAABG5vbmUAAAAEbm9uZQAAAAAAAAABAAACFwAAAAdz\nc2gtcnNhAAAAAwEAAQAAAgEA3BoFQvNp/gGMV9sf19+XfY+4Y3IzJA5OII+/jn0s\ndN7NBVKSBdA3Fr1EpGTPDa4uW+xK34m5EB9629YIoZgXFqDD6l0px+KL7g534B/n\nJURCaY2S8Bt5zbzuKCyTIhJnlX6u3o9ylWYNAqdcZkAnXQ/NUsSVBpZ8WnuF4MtD\n9GnVe/DSt0xDZ8PSMUxRN1B3A8ZQW3ubE8ieZBfqi4RXwi+VTLVtPLLhB8tCZZg+\nAhhHtyjjan3Sn+Z3HKL7tjojDE7KRNXT8B322XtooNcQejFdZP6gbyQIsja8Spop\nG1lKegKSdYGW+pBIZBt1MBgSr8LTqo28UKwO4tCswb/OjIqgdJqfO7JZ/g1LRgi3\n0gBve0JQBcysBWMUVU6t8yEusLLhIgG0THG5loUox9ac8IVzkN9bs4a2nb1ZVug0\nL4c5Z79wEKMUrVEFw1/yYI3Lnhl2VHtBhQYgKeFYzJugKe+V/35H/OB9HIm2NF66\nrha0yQx59HB9vSLiLuuoDQdq+7Ohl2oQO1bp/TdYs7RgiKEal81JDrTjZc/eykxy\nKd8Z0P4UppjqkTrR4jvVH7BxvwJWcvIChuIo95GrVZbIJceG3YfXtLtDYkI10QsU\n4tssc30UplCvmsjvAQ70lNE4Mfhxe++R30z9Wo5oL6FiBrBr22ljodK8XU2aObco\nv+0AAAc4u6mTZbupk2UAAAAHc3NoLXJzYQAAAgEA3BoFQvNp/gGMV9sf19+XfY+4\nY3IzJA5OII+/jn0sdN7NBVKSBdA3Fr1EpGTPDa4uW+xK34m5EB9629YIoZgXFqDD\n6l0px+KL7g534B/nJURCaY2S8Bt5zbzuKCyTIhJnlX6u3o9ylWYNAqdcZkAnXQ/N\nUsSVBpZ8WnuF4MtD9GnVe/DSt0xDZ8PSMUxRN1B3A8ZQW3ubE8ieZBfqi4RXwi+V\nTLVtPLLhB8tCZZg+AhhHtyjjan3Sn+Z3HKL7tjojDE7KRNXT8B322XtooNcQejFd\nZP6gbyQIsja8SpopG1lKegKSdYGW+pBIZBt1MBgSr8LTqo28UKwO4tCswb/OjIqg\ndJqfO7JZ/g1LRgi30gBve0JQBcysBWMUVU6t8yEusLLhIgG0THG5loUox9ac8IVz\nkN9bs4a2nb1ZVug0L4c5Z79wEKMUrVEFw1/yYI3Lnhl2VHtBhQYgKeFYzJugKe+V\n/35H/OB9HIm2NF66rha0yQx59HB9vSLiLuuoDQdq+7Ohl2oQO1bp/TdYs7RgiKEa\nl81JDrTjZc/eykxyKd8Z0P4UppjqkTrR4jvVH7BxvwJWcvIChuIo95GrVZbIJceG\n3YfXtLtDYkI10QsU4tssc30UplCvmsjvAQ70lNE4Mfhxe++R30z9Wo5oL6FiBrBr\n22ljodK8XU2aObcov+0AAAADAQABAAACABY3hSzxI5OJZfhvTKtObTz2HyNgoWNk\nE0RLpkcUgQKKA9Fj+IvgLNNdhvp+F31WxeSu+Q7P2M+VEeJzXBstnjUBRM1ZGpDL\n4BqHONf1eHBFT9vWN80HRPf8uGBzQWXIzE5lg3LBMYx9iNYp/RRwKNkGsY/HepB3\n67T5b3XVprYa4br5P9fTOaGVfVfPD4qhE2Zc4/scArcQQtaxKFJtaStXgL9Ft/FO\n0BKolHrrT2UIPOLy3GPBMBvGWGMaW4SVITkKkfW5TMOZzrM8tv63PrlK1tXNMvYN\nAdi1WDPClGAnlvIyZMS6MDp6Cmiace2JHIfDx3hZhrbw6y6/aBTFjuxmO4bkBWik\nSOWT9O55etT7G2BJULi1Jlav+TtJ9MMhgNuR4VlYIw6B0dnuaUsjtiZsqNE2XQpZ\njLjgzyJGJ5op0zqq4plYBtNj8ouDmYv9qrEZXfvIfZoAGgQppcckIo2xYXV80/26\nvEK02wfi7V/Oc4ZkD9GGSBKeCTzPhn/ypRye6dGqhUsILfinK3Wu6RkgbzbAgI/q\npjKJiQGxLZAgQYeiGP4k0PolsZwyMOOKfJDuS/cSD2YFs3EU8CIVYGWFCMZG0v7V\nYYxzg0/M/eaAyJxdCBYrOtyixRtaz+e1Pafou8fWQJ6fwGCPWLf1bZCecxlACCby\n9J6EWPqaeBwxAAABAQD69pnXLjHkPbiLZqdbG9Fj01XcyxhNULdeb7AuZ3McXwQJ\nYvV9UFDwPQAGGohdOCH1n7DJgsSE2+1lVECnAJ64nxverTy4SVeFvhhObuYZJ6ZG\nAeb9z1ZvLIpyzGB38xavwUGRZFZZMcJarW00Uedh5/WLKXemgW5Z4K5KHMVZErsO\nDncgR3faiN+fB37u4zWwJRBVN6qYFzAc5p1E6xyl68dxHvuPD6yhv1BIZ8g1Kx7i\nF8n7N5j5zdNAdEYvc8eMvzo60FTFYwRUIZ8cplAxKYE8l8v2QyiEc9n9sPJaaq9x\n7Qc6Uvdu1D/AYdLcuQc9bvQjPWtJqQmnUIjAqqyrAAABAQD/kRc5MlKfHF7N11gQ\nqhv24a5RiFCFsv3Lnuvo3Lon0RdOM/HLpTi1ONcgFZIfdPVcBWZsHtDBbcAB/3M8\nJ1YDwjcYA7NRZ1t5x+oP7RB8ysHtytxL+jrBN55YGhnmehy1E3nEc//A9WtbrYM4\noMrJXPp2GF4/3n3WKUN3O/8ZCaa9ahWO3B3YQANQ+n2zAR46/KXYTaPvAelFOczk\nska2P4b70mwquynlSt7w1pimVUBi5P6b15VSzMHXekbHwO4mAnD3eBubvAvKmW20\nrnMBC4kyO8xXxnMb2+XA970ISREptxtpESpWKZ4Mkie1VSMxgHH7uECz2K4+IzpR\nWl+dAAABAQDceYn1lxrVefpFtkLqXxhwsNsWTEdKoMPHpDAgXHnBNHW7rH4kB3yT\nQ/i+1kvmLtXL0a8SjLPsM+xjPnLsMCFepe2sFfiVA/WGU1tmyt1p+UZHjIFANC7f\nWnGaD8tGW2nxZJWjoqVgFFgLCBygMcF8hd+6PKVJwzsnnbr3ENVgoBwfWI/1WJEv\nVP28OJUXrmDePkBLK7dFiukrONkPbgdAvjLD9X/LjNonzgxTuiXkTvXqiCp4TQ2X\n2xxMInLGsH+Bnk0jEZrejvo/FOSAT/30kxbeE8qHb540UP2HgLx1SHA7ERQG5XGa\n1MTn34UE03zCroz/NV6BHPVn5Bcrk3iRAAAAAAEC\n-----END OPENSSH PRIVATE KEY-----\n",
            "private_key_pem": "-----BEGIN RSA PRIVATE KEY-----\nMIIJKAIBAAKCAgEA3BoFQvNp/gGMV9sf19+XfY+4Y3IzJA5OII+/jn0sdN7NBVKS\nBdA3Fr1EpGTPDa4uW+xK34m5EB9629YIoZgXFqDD6l0px+KL7g534B/nJURCaY2S\n8Bt5zbzuKCyTIhJnlX6u3o9ylWYNAqdcZkAnXQ/NUsSVBpZ8WnuF4MtD9GnVe/DS\nt0xDZ8PSMUxRN1B3A8ZQW3ubE8ieZBfqi4RXwi+VTLVtPLLhB8tCZZg+AhhHtyjj\nan3Sn+Z3HKL7tjojDE7KRNXT8B322XtooNcQejFdZP6gbyQIsja8SpopG1lKegKS\ndYGW+pBIZBt1MBgSr8LTqo28UKwO4tCswb/OjIqgdJqfO7JZ/g1LRgi30gBve0JQ\nBcysBWMUVU6t8yEusLLhIgG0THG5loUox9ac8IVzkN9bs4a2nb1ZVug0L4c5Z79w\nEKMUrVEFw1/yYI3Lnhl2VHtBhQYgKeFYzJugKe+V/35H/OB9HIm2NF66rha0yQx5\n9HB9vSLiLuuoDQdq+7Ohl2oQO1bp/TdYs7RgiKEal81JDrTjZc/eykxyKd8Z0P4U\nppjqkTrR4jvVH7BxvwJWcvIChuIo95GrVZbIJceG3YfXtLtDYkI10QsU4tssc30U\nplCvmsjvAQ70lNE4Mfhxe++R30z9Wo5oL6FiBrBr22ljodK8XU2aObcov+0CAwEA\nAQKCAgAWN4Us8SOTiWX4b0yrTm089h8jYKFjZBNES6ZHFIECigPRY/iL4CzTXYb6\nfhd9VsXkrvkOz9jPlRHic1wbLZ41AUTNWRqQy+AahzjX9XhwRU/b1jfNB0T3/Lhg\nc0FlyMxOZYNywTGMfYjWKf0UcCjZBrGPx3qQd+u0+W911aa2GuG6+T/X0zmhlX1X\nzw+KoRNmXOP7HAK3EELWsShSbWkrV4C/RbfxTtASqJR6609lCDzi8txjwTAbxlhj\nGluElSE5CpH1uUzDmc6zPLb+tz65StbVzTL2DQHYtVgzwpRgJ5byMmTEujA6egpo\nmnHtiRyHw8d4WYa28Osuv2gUxY7sZjuG5AVopEjlk/TueXrU+xtgSVC4tSZWr/k7\nSfTDIYDbkeFZWCMOgdHZ7mlLI7YmbKjRNl0KWYy44M8iRieaKdM6quKZWAbTY/KL\ng5mL/aqxGV37yH2aABoEKaXHJCKNsWF1fNP9urxCtNsH4u1fznOGZA/RhkgSngk8\nz4Z/8qUcnunRqoVLCC34pyt1rukZIG82wICP6qYyiYkBsS2QIEGHohj+JND6JbGc\nMjDjinyQ7kv3Eg9mBbNxFPAiFWBlhQjGRtL+1WGMc4NPzP3mgMicXQgWKzrcosUb\nWs/ntT2n6LvH1kCen8Bgj1i39W2QnnMZQAgm8vSehFj6mngcMQKCAQEA/5EXOTJS\nnxxezddYEKob9uGuUYhQhbL9y57r6Ny6J9EXTjPxy6U4tTjXIBWSH3T1XAVmbB7Q\nwW3AAf9zPCdWA8I3GAOzUWdbecfqD+0QfMrB7crcS/o6wTeeWBoZ5noctRN5xHP/\nwPVrW62DOKDKyVz6dhheP9591ilDdzv/GQmmvWoVjtwd2EADUPp9swEeOvyl2E2j\n7wHpRTnM5LJGtj+G+9JsKrsp5Ure8NaYplVAYuT+m9eVUszB13pGx8DuJgJw93gb\nm7wLyplttK5zAQuJMjvMV8ZzG9vlwPe9CEkRKbcbaREqVimeDJIntVUjMYBx+7hA\ns9iuPiM6UVpfnQKCAQEA3HmJ9Zca1Xn6RbZC6l8YcLDbFkxHSqDDx6QwIFx5wTR1\nu6x+JAd8k0P4vtZL5i7Vy9GvEoyz7DPsYz5y7DAhXqXtrBX4lQP1hlNbZsrdaflG\nR4yBQDQu31pxmg/LRltp8WSVo6KlYBRYCwgcoDHBfIXfujylScM7J5269xDVYKAc\nH1iP9ViRL1T9vDiVF65g3j5ASyu3RYrpKzjZD24HQL4yw/V/y4zaJ84MU7ol5E71\n6ogqeE0Nl9scTCJyxrB/gZ5NIxGa3o76PxTkgE/99JMW3hPKh2+eNFD9h4C8dUhw\nOxEUBuVxmtTE59+FBNN8wq6M/zVegRz1Z+QXK5N4kQKCAQBxbVTwVsxiv/W3yC7W\n3pkgvtNebnDGlkWcPQGZTXX1vBBq7hUP/Fmp3Ptlyw0alw9a8y6dKCQg5XQFrvnX\nJeJAMs+/Ac1xgL0R1M+ml+HscRUXVCToN7wiC2xkz9jU+TeKioVN0uodGw+2FdGa\nrYqzSmgDSBd0o2wYRCIkZmV3GFh/0viUek9oriiKpVJqw0FGjuGQmgz7RE7jIZ81\nlYZa1uEzHRZS9NTIZq2CGMyRbl7wRZBXXJxyrlwOJcAKYi+QgR7gRteCDDjzh5sw\nSQjT2uneeLnd7z8hizxyo8GrTrqmWBV7UVoH+dqi269yBMJk8wwj24gkCjRzcbEt\ncD3lAoIBAH/ZqvrTqSfqGAuc6ajnhFC0/hcsHJtWJrH6sD3T4nb7aNpv6KYUAVWU\nsQZZVqIgvrH24kMrfJqYcZgLerEkJ/Wu2uhTxVcEeLhwViyBr2votax/+eO1Xwj+\ndaoVRpeCIylsXqoJg0T4ByY+ifsLX1xKdbaVvHPN1tveR7FF/baOokA7Jx/rQCXm\nb01asnqNEHdQOhBdRWX6a8Q4rwaXk3Uj1mR0VKtA/rDed5+F7rs6XrimRZqFdEB/\nOyWbRFubthUAK1MOvnQZDVzPTMJroKTXNweJCoUHYQKNhLezG5YXb52RBcAKBZr3\nj0e3AngN++cZOYI0/Jx6ooSgbB9E4UECggEBAPr2mdcuMeQ9uItmp1sb0WPTVdzL\nGE1Qt15vsC5ncxxfBAli9X1QUPA9AAYaiF04IfWfsMmCxITb7WVUQKcAnrifG96t\nPLhJV4W+GE5u5hknpkYB5v3PVm8sinLMYHfzFq/BQZFkVlkxwlqtbTRR52Hn9Ysp\nd6aBblngrkocxVkSuw4OdyBHd9qI358Hfu7jNbAlEFU3qpgXMBzmnUTrHKXrx3Ee\n+48PrKG/UEhnyDUrHuIXyfs3mPnN00B0Ri9zx4y/OjrQVMVjBFQhnxymUDEpgTyX\ny/ZDKIRz2f2w8lpqr3HtBzpS927UP8Bh0ty5Bz1u9CM9a0mpCadQiMCqrKs=\n-----END RSA PRIVATE KEY-----\n",
            "private_key_pem_pkcs8": "-----BEGIN PRIVATE KEY-----\nMIIJQgIBADANBgkqhkiG9w0BAQEFAASCCSwwggkoAgEAAoICAQDcGgVC82n+AYxX\n2x/X35d9j7hjcjMkDk4gj7+OfSx03s0FUpIF0DcWvUSkZM8Nri5b7ErfibkQH3rb\n1gihmBcWoMPqXSnH4ovuDnfgH+clREJpjZLwG3nNvO4oLJMiEmeVfq7ej3KVZg0C\np1xmQCddD81SxJUGlnxae4Xgy0P0adV78NK3TENnw9IxTFE3UHcDxlBbe5sTyJ5k\nF+qLhFfCL5VMtW08suEHy0JlmD4CGEe3KONqfdKf5nccovu2OiMMTspE1dPwHfbZ\ne2ig1xB6MV1k/qBvJAiyNrxKmikbWUp6ApJ1gZb6kEhkG3UwGBKvwtOqjbxQrA7i\n0KzBv86MiqB0mp87sln+DUtGCLfSAG97QlAFzKwFYxRVTq3zIS6wsuEiAbRMcbmW\nhSjH1pzwhXOQ31uzhradvVlW6DQvhzlnv3AQoxStUQXDX/JgjcueGXZUe0GFBiAp\n4VjMm6Ap75X/fkf84H0cibY0XrquFrTJDHn0cH29IuIu66gNB2r7s6GXahA7Vun9\nN1iztGCIoRqXzUkOtONlz97KTHIp3xnQ/hSmmOqROtHiO9UfsHG/AlZy8gKG4ij3\nkatVlsglx4bdh9e0u0NiQjXRCxTi2yxzfRSmUK+ayO8BDvSU0Tgx+HF775HfTP1a\njmgvoWIGsGvbaWOh0rxdTZo5tyi/7QIDAQABAoICABY3hSzxI5OJZfhvTKtObTz2\nHyNgoWNkE0RLpkcUgQKKA9Fj+IvgLNNdhvp+F31WxeSu+Q7P2M+VEeJzXBstnjUB\nRM1ZGpDL4BqHONf1eHBFT9vWN80HRPf8uGBzQWXIzE5lg3LBMYx9iNYp/RRwKNkG\nsY/HepB367T5b3XVprYa4br5P9fTOaGVfVfPD4qhE2Zc4/scArcQQtaxKFJtaStX\ngL9Ft/FO0BKolHrrT2UIPOLy3GPBMBvGWGMaW4SVITkKkfW5TMOZzrM8tv63PrlK\n1tXNMvYNAdi1WDPClGAnlvIyZMS6MDp6Cmiace2JHIfDx3hZhrbw6y6/aBTFjuxm\nO4bkBWikSOWT9O55etT7G2BJULi1Jlav+TtJ9MMhgNuR4VlYIw6B0dnuaUsjtiZs\nqNE2XQpZjLjgzyJGJ5op0zqq4plYBtNj8ouDmYv9qrEZXfvIfZoAGgQppcckIo2x\nYXV80/26vEK02wfi7V/Oc4ZkD9GGSBKeCTzPhn/ypRye6dGqhUsILfinK3Wu6Rkg\nbzbAgI/qpjKJiQGxLZAgQYeiGP4k0PolsZwyMOOKfJDuS/cSD2YFs3EU8CIVYGWF\nCMZG0v7VYYxzg0/M/eaAyJxdCBYrOtyixRtaz+e1Pafou8fWQJ6fwGCPWLf1bZCe\ncxlACCby9J6EWPqaeBwxAoIBAQD/kRc5MlKfHF7N11gQqhv24a5RiFCFsv3Lnuvo\n3Lon0RdOM/HLpTi1ONcgFZIfdPVcBWZsHtDBbcAB/3M8J1YDwjcYA7NRZ1t5x+oP\n7RB8ysHtytxL+jrBN55YGhnmehy1E3nEc//A9WtbrYM4oMrJXPp2GF4/3n3WKUN3\nO/8ZCaa9ahWO3B3YQANQ+n2zAR46/KXYTaPvAelFOczkska2P4b70mwquynlSt7w\n1pimVUBi5P6b15VSzMHXekbHwO4mAnD3eBubvAvKmW20rnMBC4kyO8xXxnMb2+XA\n970ISREptxtpESpWKZ4Mkie1VSMxgHH7uECz2K4+IzpRWl+dAoIBAQDceYn1lxrV\nefpFtkLqXxhwsNsWTEdKoMPHpDAgXHnBNHW7rH4kB3yTQ/i+1kvmLtXL0a8SjLPs\nM+xjPnLsMCFepe2sFfiVA/WGU1tmyt1p+UZHjIFANC7fWnGaD8tGW2nxZJWjoqVg\nFFgLCBygMcF8hd+6PKVJwzsnnbr3ENVgoBwfWI/1WJEvVP28OJUXrmDePkBLK7dF\niukrONkPbgdAvjLD9X/LjNonzgxTuiXkTvXqiCp4TQ2X2xxMInLGsH+Bnk0jEZre\njvo/FOSAT/30kxbeE8qHb540UP2HgLx1SHA7ERQG5XGa1MTn34UE03zCroz/NV6B\nHPVn5Bcrk3iRAoIBAHFtVPBWzGK/9bfILtbemSC+015ucMaWRZw9AZlNdfW8EGru\nFQ/8Wanc+2XLDRqXD1rzLp0oJCDldAWu+dcl4kAyz78BzXGAvRHUz6aX4exxFRdU\nJOg3vCILbGTP2NT5N4qKhU3S6h0bD7YV0ZqtirNKaANIF3SjbBhEIiRmZXcYWH/S\n+JR6T2iuKIqlUmrDQUaO4ZCaDPtETuMhnzWVhlrW4TMdFlL01MhmrYIYzJFuXvBF\nkFdcnHKuXA4lwApiL5CBHuBG14IMOPOHmzBJCNPa6d54ud3vPyGLPHKjwatOuqZY\nFXtRWgf52qLbr3IEwmTzDCPbiCQKNHNxsS1wPeUCggEAf9mq+tOpJ+oYC5zpqOeE\nULT+Fywcm1YmsfqwPdPidvto2m/ophQBVZSxBllWoiC+sfbiQyt8mphxmAt6sSQn\n9a7a6FPFVwR4uHBWLIGva+i1rH/547VfCP51qhVGl4IjKWxeqgmDRPgHJj6J+wtf\nXEp1tpW8c83W295HsUX9to6iQDsnH+tAJeZvTVqyeo0Qd1A6EF1FZfprxDivBpeT\ndSPWZHRUq0D+sN53n4XuuzpeuKZFmoV0QH87JZtEW5u2FQArUw6+dBkNXM9Mwmug\npNc3B4kKhQdhAo2Et7MblhdvnZEFwAoFmvePR7cCeA375xk5gjT8nHqihKBsH0Th\nQQKCAQEA+vaZ1y4x5D24i2anWxvRY9NV3MsYTVC3Xm+wLmdzHF8ECWL1fVBQ8D0A\nBhqIXTgh9Z+wyYLEhNvtZVRApwCeuJ8b3q08uElXhb4YTm7mGSemRgHm/c9WbyyK\ncsxgd/MWr8FBkWRWWTHCWq1tNFHnYef1iyl3poFuWeCuShzFWRK7Dg53IEd32ojf\nnwd+7uM1sCUQVTeqmBcwHOadROscpevHcR77jw+sob9QSGfINSse4hfJ+zeY+c3T\nQHRGL3PHjL86OtBUxWMEVCGfHKZQMSmBPJfL9kMohHPZ/bDyWmqvce0HOlL3btQ/\nwGHS3LkHPW70Iz1rSakJp1CIwKqsqw==\n-----END PRIVATE KEY-----\n",
            "public_key_fingerprint_md5": "72:1c:4c:15:7b:f8:25:8b:46:c7:0a:23:b5:04:ca:cb",
            "public_key_fingerprint_sha256": "SHA256:889qZPMYxw7Pfi2PdTkv15qyvkMSMxOGEmLRATqkywA",
            "public_key_openssh": "ssh-rsa AAAAB3NzaC1yc2EAAAADAQABAAACAQDcGgVC82n+AYxX2x/X35d9j7hjcjMkDk4gj7+OfSx03s0FUpIF0DcWvUSkZM8Nri5b7ErfibkQH3rb1gihmBcWoMPqXSnH4ovuDnfgH+clREJpjZLwG3nNvO4oLJMiEmeVfq7ej3KVZg0Cp1xmQCddD81SxJUGlnxae4Xgy0P0adV78NK3TENnw9IxTFE3UHcDxlBbe5sTyJ5kF+qLhFfCL5VMtW08suEHy0JlmD4CGEe3KONqfdKf5nccovu2OiMMTspE1dPwHfbZe2ig1xB6MV1k/qBvJAiyNrxKmikbWUp6ApJ1gZb6kEhkG3UwGBKvwtOqjbxQrA7i0KzBv86MiqB0mp87sln+DUtGCLfSAG97QlAFzKwFYxRVTq3zIS6wsuEiAbRMcbmWhSjH1pzwhXOQ31uzhradvVlW6DQvhzlnv3AQoxStUQXDX/JgjcueGXZUe0GFBiAp4VjMm6Ap75X/fkf84H0cibY0XrquFrTJDHn0cH29IuIu66gNB2r7s6GXahA7Vun9N1iztGCIoRqXzUkOtONlz97KTHIp3xnQ/hSmmOqROtHiO9UfsHG/AlZy8gKG4ij3katVlsglx4bdh9e0u0NiQjXRCxTi2yxzfRSmUK+ayO8BDvSU0Tgx+HF775HfTP1ajmgvoWIGsGvbaWOh0rxdTZo5tyi/7Q==\n",
            "public_key_pem": "-----BEGIN PUBLIC KEY-----\nMIICIjANBgkqhkiG9w0BAQEFAAOCAg8AMIICCgKCAgEA3BoFQvNp/gGMV9sf19+X\nfY+4Y3IzJA5OII+/jn0sdN7NBVKSBdA3Fr1EpGTPDa4uW+xK34m5EB9629YIoZgX\nFqDD6l0px+KL7g534B/nJURCaY2S8Bt5zbzuKCyTIhJnlX6u3o9ylWYNAqdcZkAn\nXQ/NUsSVBpZ8WnuF4MtD9GnVe/DSt0xDZ8PSMUxRN1B3A8ZQW3ubE8ieZBfqi4RX\nwi+VTLVtPLLhB8tCZZg+AhhHtyjjan3Sn+Z3HKL7tjojDE7KRNXT8B322XtooNcQ\nejFdZP6gbyQIsja8SpopG1lKegKSdYGW+pBIZBt1MBgSr8LTqo28UKwO4tCswb/O\njIqgdJqfO7JZ/g1LRgi30gBve0JQBcysBWMUVU6t8yEusLLhIgG0THG5loUox9ac\n8IVzkN9bs4a2nb1ZVug0L4c5Z79wEKMUrVEFw1/yYI3Lnhl2VHtBhQYgKeFYzJug\nKe+V/35H/OB9HIm2NF66rha0yQx59HB9vSLiLuuoDQdq+7Ohl2oQO1bp/TdYs7Rg\niKEal81JDrTjZc/eykxyKd8Z0P4UppjqkTrR4jvVH7BxvwJWcvIChuIo95GrVZbI\nJceG3YfXtLtDYkI10QsU4tssc30UplCvmsjvAQ70lNE4Mfhxe++R30z9Wo5oL6Fi\nBrBr22ljodK8XU2aObcov+0CAwEAAQ==\n-----END PUBLIC KEY-----\n",
            "rsa_bits": 4096
          },
          "sensitive_attributes": [
            [
              {
                "type": "get_attr",
                "value": "private_key_openssh"
              }
            ],
            [
              {
                "type": "get_attr",
                "value": "private_key_pem"
              }
            ],
            [
              {
                "type": "get_attr",
                "value": "private_key_pem_pkcs8"
              }
            ]
          ],
          "identity_schema_version": 0
        }
      ]
    }
  ],
  "check_results": null
}
